
Microsoft Visual Studio Solution File, Format Version 12.00
# Visual Studio Version 16
VisualStudioVersion = 16.0.29230.47
MinimumVisualStudioVersion = 10.0.40219.1
Project("{8BC9CEB8-8B4A-11D0-8D11-00A0C91BC942}") = "ColorHCFR", "ColorHCFR.vcxproj", "{E51019A9-5EBB-406A-82DB-480660D666BA}"
	ProjectSection(ProjectDependencies) = postProject
		{BA5C7D32-633F-483D-B23C-A1F509898BF6} = {BA5C7D32-633F-483D-B23C-A1F509898BF6}
		{157843C3-1412-43DD-8832-19EAC7DF2B3F} = {157843C3-1412-43DD-8832-19EAC7DF2B3F}
		{3DA96AFB-1CFD-4D88-AAA4-5D0D378EC755} = {3DA96AFB-1CFD-4D88-AAA4-5D0D378EC755}
		{416E77FF-ACFA-478D-9E8B-FA1E1296E007} = {416E77FF-ACFA-478D-9E8B-FA1E1296E007}
	EndProjectSection
EndProject
Project("{8BC9CEB8-8B4A-11D0-8D11-00A0C91BC942}") = "CHCFR21_ESPANOL", "CHCFR21_ESPANOL.vcxproj", "{7C05072E-82A7-40B5-96A0-06AA0C5ED700}"
EndProject
Project("{8BC9CEB8-8B4A-11D0-8D11-00A0C91BC942}") = "cximage", "Tools\CxImage\cximage.vcxproj", "{906A0B24-C4B5-4824-A027-CE75BF66242D}"
EndProject
Project("{8BC9CEB8-8B4A-11D0-8D11-00A0C91BC942}") = "libpng", "Tools\png\projects\visualc71\libpng.vcxproj", "{B2C1EC0F-1E2D-43D3-8693-8C8A76188907}"
EndProject
Project("{8BC9CEB8-8B4A-11D0-8D11-00A0C91BC942}") = "zlib", "Tools\zlib\zlib.vcxproj", "{BEBC9EA2-AD8B-43D7-A95D-2D6D86A899DC}"
EndProject
Project("{8BC9CEB8-8B4A-11D0-8D11-00A0C91BC942}") = "LibJpeg", "Tools\Jpeg\LibJpeg.vcxproj", "{E4929E39-EF57-470E-A748-0A5C28D74C5E}"
EndProject
Project("{8BC9CEB8-8B4A-11D0-8D11-00A0C91BC942}") = "spectro", "Tools\spectro\spectro.vcxproj", "{5AA3F412-D3AB-437E-A8CF-C1B9ACBCA25E}"
EndProject
Project("{8BC9CEB8-8B4A-11D0-8D11-00A0C91BC942}") = "libHCFR", "libHCFR\winFiles\libHCFR.vcxproj", "{8835A92A-A566-4F75-8BED-21A5DABD6342}"
EndProject
Project("{8BC9CEB8-8B4A-11D0-8D11-00A0C91BC942}") = "ArgyllMeterWrapper", "Tools\ArgyllMeterWrapper\ArgyllMeterWrapper.vcxproj", "{1A665DC9-9C8B-428A-AC8C-5E9DBC3529AA}"
	ProjectSection(ProjectDependencies) = postProject
		{157843C3-1412-43DD-8832-19EAC7DF2B3F} = {157843C3-1412-43DD-8832-19EAC7DF2B3F}
	EndProjectSection
EndProject
Project("{8BC9CEB8-8B4A-11D0-8D11-00A0C91BC942}") = "cppunit", "Tools\cppunit\src\cppunit\cppunit.vcxproj", "{66EB3A42-A52A-4521-88CB-E93CC730D44B}"
EndProject
Project("{8BC9CEB8-8B4A-11D0-8D11-00A0C91BC942}") = "UnitTests", "UnitTests\UnitTests.vcxproj", "{B7996400-C9D4-4036-91B3-D37EC369929B}"
EndProject
Project("{8BC9CEB8-8B4A-11D0-8D11-00A0C91BC942}") = "spotread", "Tools\spectro\spotread.vcxproj", "{59BEBBF6-209B-43A3-A1E8-B75530374218}"
EndProject
Project("{8BC9CEB8-8B4A-11D0-8D11-00A0C91BC942}") = "oeminst", "Tools\spectro\oeminst.vcxproj", "{3AFE2419-04D8-404D-B581-EF4C78976D75}"
EndProject
Project("{8BC9CEB8-8B4A-11D0-8D11-00A0C91BC942}") = "CHCFR21_DEUTSCH", "CHCFR21_DEUTSCH.vcxproj", "{91467326-9EDB-43A2-990D-9EE94B6B2516}"
EndProject
Project("{8BC9CEB8-8B4A-11D0-8D11-00A0C91BC942}") = "CHCFR21_FRANCAIS", "CHCFR21_FRANCAIS.vcxproj", "{184BD260-CCBF-45B0-B9F2-CA729401BB83}"
EndProject
Project("{8BC9CEB8-8B4A-11D0-8D11-00A0C91BC942}") = "CHCFR21_PATTERNS", "CHCFR21_PATTERNS.vcxproj", "{A97F2AE3-3513-437D-903F-58C9A20BCAAF}"
EndProject
Project("{8BC9CEB8-8B4A-11D0-8D11-00A0C91BC942}") = "libaxTLS", "libaxTLS\libaxTLS.vcxproj", "{B558251D-C2BA-49DE-8222-E9F1E54D7D62}"
EndProject
Project("{8BC9CEB8-8B4A-11D0-8D11-00A0C91BC942}") = "libyajl", "libyajl\libyajl.vcxproj", "{32A6CD30-7808-4729-9589-8430BA8D3BFF}"
EndProject
Project("{8BC9CEB8-8B4A-11D0-8D11-00A0C91BC942}") = "libnum", "libnum\libnum.vcxproj", "{FDABA3AA-BA68-4BEE-ADDA-FD10D9928534}"
EndProject
Project("{8BC9CEB8-8B4A-11D0-8D11-00A0C91BC942}") = "libconv", "libconv\libconv.vcxproj", "{5A67D03C-FE43-49FE-86F8-7A3B98E0A977}"
EndProject
Project("{8BC9CEB8-8B4A-11D0-8D11-00A0C91BC942}") = "libccast", "libccast\libccast.vcxproj", "{157843C3-1412-43DD-8832-19EAC7DF2B3F}"
	ProjectSection(ProjectDependencies) = postProject
		{B558251D-C2BA-49DE-8222-E9F1E54D7D62} = {B558251D-C2BA-49DE-8222-E9F1E54D7D62}
		{32A6CD30-7808-4729-9589-8430BA8D3BFF} = {32A6CD30-7808-4729-9589-8430BA8D3BFF}
		{5A67D03C-FE43-49FE-86F8-7A3B98E0A977} = {5A67D03C-FE43-49FE-86F8-7A3B98E0A977}
		{FDABA3AA-BA68-4BEE-ADDA-FD10D9928534} = {FDABA3AA-BA68-4BEE-ADDA-FD10D9928534}
	EndProjectSection
EndProject
Project("{8BC9CEB8-8B4A-11D0-8D11-00A0C91BC942}") = "librender", "librender\librender.vcxproj", "{FCB702FA-B0F2-494D-8EDE-2F79873924D2}"
EndProject
Project("{8BC9CEB8-8B4A-11D0-8D11-00A0C91BC942}") = "tiff", "tiff\tiff.vcxproj", "{01DED230-6F48-43DF-ACD2-CD8B5E8E815C}"
EndProject
Project("{8BC9CEB8-8B4A-11D0-8D11-00A0C91BC942}") = "CHCFR21_ENGLISH", "CHCFR21_ENGLISH.vcxproj", "{3DA96AFB-1CFD-4D88-AAA4-5D0D378EC755}"
EndProject
Project("{8BC9CEB8-8B4A-11D0-8D11-00A0C91BC942}") = "libpdf", "libharu\libharu.vcxproj", "{416E77FF-ACFA-478D-9E8B-FA1E1296E007}"
EndProject
Project("{8BC9CEB8-8B4A-11D0-8D11-00A0C91BC942}") = "GoogleCastWrapper", "Tools\GoogleCastWrapper\GoogleCastWrapper.vcxproj", "{4D45250B-E23E-4097-A3C5-64D708528340}"
EndProject
Project("{8BC9CEB8-8B4A-11D0-8D11-00A0C91BC942}") = "libHDR", "libHDR\libHDR.vcxproj", "{FC86BD97-A8EA-46D7-BEA5-0DC7698C5BE1}"
EndProject
Project("{8BC9CEB8-8B4A-11D0-8D11-00A0C91BC942}") = "CHCFR21_ITALIAN", "CHCFR21_ITALIAN.vcxproj", "{BA5C7D32-633F-483D-B23C-A1F509898BF6}"
EndProject
Project("{54435603-DBB4-11D2-8724-00A0C9A8B90C}") = "ColorHCFR_Installer", "ColorHCFR_VS2019.vdproj", "{9C30D8B6-63D2-4FF4-854F-25DA03E6A8B7}"
EndProject
Global
	GlobalSection(SolutionConfigurationPlatforms) = preSolution
		Debug|Win32 = Debug|Win32
		Release|Win32 = Release|Win32
	EndGlobalSection
	GlobalSection(ProjectConfigurationPlatforms) = postSolution
		{E51019A9-5EBB-406A-82DB-480660D666BA}.Debug|Win32.ActiveCfg = Debug|Win32
		{E51019A9-5EBB-406A-82DB-480660D666BA}.Debug|Win32.Build.0 = Debug|Win32
		{E51019A9-5EBB-406A-82DB-480660D666BA}.Release|Win32.ActiveCfg = Release|Win32
		{E51019A9-5EBB-406A-82DB-480660D666BA}.Release|Win32.Build.0 = Release|Win32
		{7C05072E-82A7-40B5-96A0-06AA0C5ED700}.Debug|Win32.ActiveCfg = Release|Win32
		{7C05072E-82A7-40B5-96A0-06AA0C5ED700}.Release|Win32.ActiveCfg = Release|Win32
		{906A0B24-C4B5-4824-A027-CE75BF66242D}.Debug|Win32.ActiveCfg = Release|Win32
		{906A0B24-C4B5-4824-A027-CE75BF66242D}.Debug|Win32.Build.0 = Release|Win32
		{906A0B24-C4B5-4824-A027-CE75BF66242D}.Release|Win32.ActiveCfg = Release|Win32
		{906A0B24-C4B5-4824-A027-CE75BF66242D}.Release|Win32.Build.0 = Release|Win32
		{B2C1EC0F-1E2D-43D3-8693-8C8A76188907}.Debug|Win32.ActiveCfg = Release|Win32
		{B2C1EC0F-1E2D-43D3-8693-8C8A76188907}.Debug|Win32.Build.0 = Release|Win32
		{B2C1EC0F-1E2D-43D3-8693-8C8A76188907}.Release|Win32.ActiveCfg = Release|Win32
		{B2C1EC0F-1E2D-43D3-8693-8C8A76188907}.Release|Win32.Build.0 = Release|Win32
		{BEBC9EA2-AD8B-43D7-A95D-2D6D86A899DC}.Debug|Win32.ActiveCfg = Release|Win32
		{BEBC9EA2-AD8B-43D7-A95D-2D6D86A899DC}.Debug|Win32.Build.0 = Release|Win32
		{BEBC9EA2-AD8B-43D7-A95D-2D6D86A899DC}.Release|Win32.ActiveCfg = Release|Win32
		{BEBC9EA2-AD8B-43D7-A95D-2D6D86A899DC}.Release|Win32.Build.0 = Release|Win32
		{E4929E39-EF57-470E-A748-0A5C28D74C5E}.Debug|Win32.ActiveCfg = Release|Win32
		{E4929E39-EF57-470E-A748-0A5C28D74C5E}.Debug|Win32.Build.0 = Release|Win32
		{E4929E39-EF57-470E-A748-0A5C28D74C5E}.Release|Win32.ActiveCfg = Release|Win32
		{E4929E39-EF57-470E-A748-0A5C28D74C5E}.Release|Win32.Build.0 = Release|Win32
		{5AA3F412-D3AB-437E-A8CF-C1B9ACBCA25E}.Debug|Win32.ActiveCfg = Debug|Win32
		{5AA3F412-D3AB-437E-A8CF-C1B9ACBCA25E}.Debug|Win32.Build.0 = Debug|Win32
		{5AA3F412-D3AB-437E-A8CF-C1B9ACBCA25E}.Release|Win32.ActiveCfg = Release|Win32
		{5AA3F412-D3AB-437E-A8CF-C1B9ACBCA25E}.Release|Win32.Build.0 = Release|Win32
		{8835A92A-A566-4F75-8BED-21A5DABD6342}.Debug|Win32.ActiveCfg = Debug|Win32
		{8835A92A-A566-4F75-8BED-21A5DABD6342}.Debug|Win32.Build.0 = Debug|Win32
		{8835A92A-A566-4F75-8BED-21A5DABD6342}.Release|Win32.ActiveCfg = Release|Win32
		{8835A92A-A566-4F75-8BED-21A5DABD6342}.Release|Win32.Build.0 = Release|Win32
		{1A665DC9-9C8B-428A-AC8C-5E9DBC3529AA}.Debug|Win32.ActiveCfg = Release|Win32
		{1A665DC9-9C8B-428A-AC8C-5E9DBC3529AA}.Debug|Win32.Build.0 = Release|Win32
		{1A665DC9-9C8B-428A-AC8C-5E9DBC3529AA}.Release|Win32.ActiveCfg = Release|Win32
		{1A665DC9-9C8B-428A-AC8C-5E9DBC3529AA}.Release|Win32.Build.0 = Release|Win32
		{66EB3A42-A52A-4521-88CB-E93CC730D44B}.Debug|Win32.ActiveCfg = Release|Win32
		{66EB3A42-A52A-4521-88CB-E93CC730D44B}.Debug|Win32.Build.0 = Release|Win32
		{66EB3A42-A52A-4521-88CB-E93CC730D44B}.Release|Win32.ActiveCfg = Release|Win32
		{66EB3A42-A52A-4521-88CB-E93CC730D44B}.Release|Win32.Build.0 = Release|Win32
		{B7996400-C9D4-4036-91B3-D37EC369929B}.Debug|Win32.ActiveCfg = Release|Win32
		{B7996400-C9D4-4036-91B3-D37EC369929B}.Debug|Win32.Build.0 = Release|Win32
		{B7996400-C9D4-4036-91B3-D37EC369929B}.Release|Win32.ActiveCfg = Release|Win32
		{B7996400-C9D4-4036-91B3-D37EC369929B}.Release|Win32.Build.0 = Release|Win32
		{59BEBBF6-209B-43A3-A1E8-B75530374218}.Debug|Win32.ActiveCfg = Release|Win32
		{59BEBBF6-209B-43A3-A1E8-B75530374218}.Debug|Win32.Build.0 = Release|Win32
		{59BEBBF6-209B-43A3-A1E8-B75530374218}.Release|Win32.ActiveCfg = Release|Win32
		{59BEBBF6-209B-43A3-A1E8-B75530374218}.Release|Win32.Build.0 = Release|Win32
		{3AFE2419-04D8-404D-B581-EF4C78976D75}.Debug|Win32.ActiveCfg = Release|Win32
		{3AFE2419-04D8-404D-B581-EF4C78976D75}.Debug|Win32.Build.0 = Release|Win32
		{3AFE2419-04D8-404D-B581-EF4C78976D75}.Release|Win32.ActiveCfg = Release|Win32
		{3AFE2419-04D8-404D-B581-EF4C78976D75}.Release|Win32.Build.0 = Release|Win32
		{91467326-9EDB-43A2-990D-9EE94B6B2516}.Debug|Win32.ActiveCfg = Release|Win32
		{91467326-9EDB-43A2-990D-9EE94B6B2516}.Debug|Win32.Build.0 = Release|Win32
		{91467326-9EDB-43A2-990D-9EE94B6B2516}.Release|Win32.ActiveCfg = Release|Win32
		{184BD260-CCBF-45B0-B9F2-CA729401BB83}.Debug|Win32.ActiveCfg = Release|Win32
		{184BD260-CCBF-45B0-B9F2-CA729401BB83}.Debug|Win32.Build.0 = Release|Win32
		{184BD260-CCBF-45B0-B9F2-CA729401BB83}.Release|Win32.ActiveCfg = Release|Win32
		{184BD260-CCBF-45B0-B9F2-CA729401BB83}.Release|Win32.Build.0 = Release|Win32
		{A97F2AE3-3513-437D-903F-58C9A20BCAAF}.Debug|Win32.ActiveCfg = Release|Win32
		{A97F2AE3-3513-437D-903F-58C9A20BCAAF}.Debug|Win32.Build.0 = Release|Win32
		{A97F2AE3-3513-437D-903F-58C9A20BCAAF}.Release|Win32.ActiveCfg = Release|Win32
		{A97F2AE3-3513-437D-903F-58C9A20BCAAF}.Release|Win32.Build.0 = Release|Win32
		{B558251D-C2BA-49DE-8222-E9F1E54D7D62}.Debug|Win32.ActiveCfg = Release|Win32
		{B558251D-C2BA-49DE-8222-E9F1E54D7D62}.Debug|Win32.Build.0 = Release|Win32
		{B558251D-C2BA-49DE-8222-E9F1E54D7D62}.Release|Win32.ActiveCfg = Release|Win32
		{B558251D-C2BA-49DE-8222-E9F1E54D7D62}.Release|Win32.Build.0 = Release|Win32
		{32A6CD30-7808-4729-9589-8430BA8D3BFF}.Debug|Win32.ActiveCfg = Release|Win32
		{32A6CD30-7808-4729-9589-8430BA8D3BFF}.Debug|Win32.Build.0 = Release|Win32
		{32A6CD30-7808-4729-9589-8430BA8D3BFF}.Release|Win32.ActiveCfg = Release|Win32
		{32A6CD30-7808-4729-9589-8430BA8D3BFF}.Release|Win32.Build.0 = Release|Win32
		{FDABA3AA-BA68-4BEE-ADDA-FD10D9928534}.Debug|Win32.ActiveCfg = Release|Win32
		{FDABA3AA-BA68-4BEE-ADDA-FD10D9928534}.Debug|Win32.Build.0 = Release|Win32
		{FDABA3AA-BA68-4BEE-ADDA-FD10D9928534}.Release|Win32.ActiveCfg = Release|Win32
		{FDABA3AA-BA68-4BEE-ADDA-FD10D9928534}.Release|Win32.Build.0 = Release|Win32
		{5A67D03C-FE43-49FE-86F8-7A3B98E0A977}.Debug|Win32.ActiveCfg = Release|Win32
		{5A67D03C-FE43-49FE-86F8-7A3B98E0A977}.Debug|Win32.Build.0 = Release|Win32
		{5A67D03C-FE43-49FE-86F8-7A3B98E0A977}.Release|Win32.ActiveCfg = Release|Win32
		{5A67D03C-FE43-49FE-86F8-7A3B98E0A977}.Release|Win32.Build.0 = Release|Win32
		{157843C3-1412-43DD-8832-19EAC7DF2B3F}.Debug|Win32.ActiveCfg = Debug|Win32
		{157843C3-1412-43DD-8832-19EAC7DF2B3F}.Debug|Win32.Build.0 = Debug|Win32
		{157843C3-1412-43DD-8832-19EAC7DF2B3F}.Release|Win32.ActiveCfg = Release|Win32
		{157843C3-1412-43DD-8832-19EAC7DF2B3F}.Release|Win32.Build.0 = Release|Win32
		{FCB702FA-B0F2-494D-8EDE-2F79873924D2}.Debug|Win32.ActiveCfg = Release|Win32
		{FCB702FA-B0F2-494D-8EDE-2F79873924D2}.Debug|Win32.Build.0 = Release|Win32
		{FCB702FA-B0F2-494D-8EDE-2F79873924D2}.Release|Win32.ActiveCfg = Release|Win32
		{FCB702FA-B0F2-494D-8EDE-2F79873924D2}.Release|Win32.Build.0 = Release|Win32
		{01DED230-6F48-43DF-ACD2-CD8B5E8E815C}.Debug|Win32.ActiveCfg = Release|Win32
		{01DED230-6F48-43DF-ACD2-CD8B5E8E815C}.Debug|Win32.Build.0 = Release|Win32
		{01DED230-6F48-43DF-ACD2-CD8B5E8E815C}.Release|Win32.ActiveCfg = Release|Win32
		{01DED230-6F48-43DF-ACD2-CD8B5E8E815C}.Release|Win32.Build.0 = Release|Win32
		{3DA96AFB-1CFD-4D88-AAA4-5D0D378EC755}.Debug|Win32.ActiveCfg = Release|Win32
		{3DA96AFB-1CFD-4D88-AAA4-5D0D378EC755}.Debug|Win32.Build.0 = Release|Win32
		{3DA96AFB-1CFD-4D88-AAA4-5D0D378EC755}.Release|Win32.ActiveCfg = Release|Win32
		{3DA96AFB-1CFD-4D88-AAA4-5D0D378EC755}.Release|Win32.Build.0 = Release|Win32
		{416E77FF-ACFA-478D-9E8B-FA1E1296E007}.Debug|Win32.ActiveCfg = Release|Win32
		{416E77FF-ACFA-478D-9E8B-FA1E1296E007}.Debug|Win32.Build.0 = Release|Win32
		{416E77FF-ACFA-478D-9E8B-FA1E1296E007}.Release|Win32.ActiveCfg = Release|Win32
		{416E77FF-ACFA-478D-9E8B-FA1E1296E007}.Release|Win32.Build.0 = Release|Win32
		{4D45250B-E23E-4097-A3C5-64D708528340}.Debug|Win32.ActiveCfg = Debug|Win32
		{4D45250B-E23E-4097-A3C5-64D708528340}.Debug|Win32.Build.0 = Debug|Win32
		{4D45250B-E23E-4097-A3C5-64D708528340}.Release|Win32.ActiveCfg = Release|Win32
		{4D45250B-E23E-4097-A3C5-64D708528340}.Release|Win32.Build.0 = Release|Win32
		{FC86BD97-A8EA-46D7-BEA5-0DC7698C5BE1}.Debug|Win32.ActiveCfg = Debug|Win32
		{FC86BD97-A8EA-46D7-BEA5-0DC7698C5BE1}.Debug|Win32.Build.0 = Debug|Win32
		{FC86BD97-A8EA-46D7-BEA5-0DC7698C5BE1}.Release|Win32.ActiveCfg = Release|Win32
		{FC86BD97-A8EA-46D7-BEA5-0DC7698C5BE1}.Release|Win32.Build.0 = Release|Win32
		{BA5C7D32-633F-483D-B23C-A1F509898BF6}.Debug|Win32.ActiveCfg = Release|Win32
		{BA5C7D32-633F-483D-B23C-A1F509898BF6}.Debug|Win32.Build.0 = Release|Win32
		{BA5C7D32-633F-483D-B23C-A1F509898BF6}.Release|Win32.ActiveCfg = Release|Win32
		{9C30D8B6-63D2-4FF4-854F-25DA03E6A8B7}.Debug|Win32.ActiveCfg = Release
		{9C30D8B6-63D2-4FF4-854F-25DA03E6A8B7}.Debug|Win32.Build.0 = Release
		{9C30D8B6-63D2-4FF4-854F-25DA03E6A8B7}.Release|Win32.ActiveCfg = Release
		{9C30D8B6-63D2-4FF4-854F-25DA03E6A8B7}.Release|Win32.Build.0 = Release
	EndGlobalSection
	GlobalSection(SolutionProperties) = preSolution
		HideSolutionNode = FALSE
	EndGlobalSection
	GlobalSection(ExtensibilityGlobals) = postSolution
		SolutionGuid = {749C24E8-BEC0-4DBA-90E4-EC048EC85606}
	EndGlobalSection
EndGlobal
