
Microsoft Visual Studio Solution File, Format Version 11.00
# Visual Studio 2010
Project("{2150E333-8FDC-42A3-9474-1A3956D46DE8}") = "Solution Items", "Solution Items", "{70D954AF-6009-4B71-88D5-2750438F8B5A}"
EndProject
Project("{8BC9CEB8-8B4A-11D0-8D11-00A0C91BC942}") = "CHCFR21_DEUTSCH", "CHCFR21_DEUTSCH.vcxproj", "{91467326-9EDB-43A2-990D-9EE94B6B2516}"
EndProject
Project("{8BC9CEB8-8B4A-11D0-8D11-00A0C91BC942}") = "CHCFR21_ENGLISH", "CHCFR21_ENGLISH.vcxproj", "{2D31DAFD-FC5C-4B05-B8DB-441D3B8D047B}"
EndProject
Project("{8BC9CEB8-8B4A-11D0-8D11-00A0C91BC942}") = "CHCFR21_FRANCAIS", "CHCFR21_FRANCAIS.vcxproj", "{184BD260-CCBF-45B0-B9F2-CA729401BB83}"
EndProject
Project("{8BC9CEB8-8B4A-11D0-8D11-00A0C91BC942}") = "CHCFR21_PATTERNS", "CHCFR21_PATTERNS.vcxproj", "{A97F2AE3-3513-437D-903F-58C9A20BCAAF}"
EndProject
Project("{8BC9CEB8-8B4A-11D0-8D11-00A0C91BC942}") = "ColorHCFR", "ColorHCFR.vcxproj", "{E51019A9-5EBB-406A-82DB-480660D666BA}"
EndProject
Project("{8BC9CEB8-8B4A-11D0-8D11-00A0C91BC942}") = "CHCFR21_ESPANOL", "CHCFR21_ESPANOL.vcxproj", "{7C05072E-82A7-40B5-96A0-06AA0C5ED700}"
EndProject
Project("{8BC9CEB8-8B4A-11D0-8D11-00A0C91BC942}") = "cximage", "Tools\CxImage\cximage.vcxproj", "{906A0B24-C4B5-4824-A027-CE75BF66242D}"
EndProject
Project("{8BC9CEB8-8B4A-11D0-8D11-00A0C91BC942}") = "libpng", "Tools\png\projects\visualc71\libpng.vcxproj", "{B2C1EC0F-1E2D-43D3-8693-8C8A76188907}"
EndProject
Project("{8BC9CEB8-8B4A-11D0-8D11-00A0C91BC942}") = "zlib", "Tools\zlib\zlib.vcxproj", "{BEBC9EA2-AD8B-43D7-A95D-2D6D86A899DC}"
EndProject
Project("{8BC9CEB8-8B4A-11D0-8D11-00A0C91BC942}") = "LibJpeg", "Tools\Jpeg\LibJpeg.vcxproj", "{E4929E39-EF57-470E-A748-0A5C28D74C5E}"
EndProject
Project("{8BC9CEB8-8B4A-11D0-8D11-00A0C91BC942}") = "libusb", "Tools\libusb1\libusb-static_2008.vcxproj", "{349EE8F9-7D25-4909-AAF5-FF3FADE72187}"
EndProject
Project("{8BC9CEB8-8B4A-11D0-8D11-00A0C91BC942}") = "spectro", "Tools\spectro\spectro.vcxproj", "{5AA3F412-D3AB-437E-A8CF-C1B9ACBCA25E}"
EndProject
Project("{8BC9CEB8-8B4A-11D0-8D11-00A0C91BC942}") = "libHCFR", "libHCFR\winFiles\libHCFR.vcxproj", "{8835A92A-A566-4F75-8BED-21A5DABD6342}"
EndProject
Project("{8BC9CEB8-8B4A-11D0-8D11-00A0C91BC942}") = "ArgyllMeterWrapper", "Tools\ArgyllMeterWrapper\ArgyllMeterWrapper.vcxproj", "{1A665DC9-9C8B-428A-AC8C-5E9DBC3529AA}"
EndProject
Project("{8BC9CEB8-8B4A-11D0-8D11-00A0C91BC942}") = "cppunit", "Tools\cppunit\src\cppunit\cppunit.vcxproj", "{66EB3A42-A52A-4521-88CB-E93CC730D44B}"
EndProject
Project("{8BC9CEB8-8B4A-11D0-8D11-00A0C91BC942}") = "UnitTests", "UnitTests\UnitTests.vcxproj", "{B7996400-C9D4-4036-91B3-D37EC369929B}"
EndProject
Project("{8BC9CEB8-8B4A-11D0-8D11-00A0C91BC942}") = "spotread", "Tools\spectro\spotread.vcxproj", "{59BEBBF6-209B-43A3-A1E8-B75530374218}"
EndProject
Project("{8BC9CEB8-8B4A-11D0-8D11-00A0C91BC942}") = "i1d3ccss", "Tools\spectro\i1d3ccss.vcxproj", "{288469E5-FAD9-4674-8BFC-A3CC85912578}"
EndProject
Project("{8BC9CEB8-8B4A-11D0-8D11-00A0C91BC942}") = "spyd2en", "Tools\spectro\spyd2en.vcxproj", "{3AFE2419-04D8-404D-B581-EF4C78976D75}"
EndProject
Project("{8BC9CEB8-8B4A-11D0-8D11-00A0C91BC942}") = "spyd4en", "Tools\spectro\spyd4en.vcxproj", "{FFA81A84-F6A0-4A4D-B89D-907A139A26B6}"
EndProject
Project("{8BC9CEB8-8B4A-11D0-8D11-00A0C91BC942}") = "SimpleDemo", "..\Users\janz\developers\calibration demo\MSVC++\SimpleDemo.vcxproj", "{841512F0-F24E-4D68-BB35-F8CF9988146D}"
EndProject
Project("{6141683F-8A12-4E36-9623-2EB02B2C2303}") = "Setup1", "..\Users\janz\Documents\Visual Studio 2010\Projects\Setup1\Setup1.isproj", "{869DFD9C-BFC6-4FF4-9905-D5C2AC1DABB3}"
	ProjectSection(ProjectDependencies) = postProject
		{E51019A9-5EBB-406A-82DB-480660D666BA} = {E51019A9-5EBB-406A-82DB-480660D666BA}
	EndProjectSection
EndProject
Global
	GlobalSection(SolutionConfigurationPlatforms) = preSolution
		CD_ROM|Win32 = CD_ROM|Win32
		CD_ROM|x64 = CD_ROM|x64
		Debug|Win32 = Debug|Win32
		Debug|x64 = Debug|x64
		DVD-5|Win32 = DVD-5|Win32
		DVD-5|x64 = DVD-5|x64
		Release|Win32 = Release|Win32
		Release|x64 = Release|x64
		SingleImage|Win32 = SingleImage|Win32
		SingleImage|x64 = SingleImage|x64
	EndGlobalSection
	GlobalSection(ProjectConfigurationPlatforms) = postSolution
		{91467326-9EDB-43A2-990D-9EE94B6B2516}.CD_ROM|Win32.ActiveCfg = Release|Win32
		{91467326-9EDB-43A2-990D-9EE94B6B2516}.CD_ROM|Win32.Build.0 = Release|Win32
		{91467326-9EDB-43A2-990D-9EE94B6B2516}.CD_ROM|x64.ActiveCfg = Release|Win32
		{91467326-9EDB-43A2-990D-9EE94B6B2516}.Debug|Win32.ActiveCfg = Debug|Win32
		{91467326-9EDB-43A2-990D-9EE94B6B2516}.Debug|Win32.Build.0 = Debug|Win32
		{91467326-9EDB-43A2-990D-9EE94B6B2516}.Debug|x64.ActiveCfg = Debug|Win32
		{91467326-9EDB-43A2-990D-9EE94B6B2516}.DVD-5|Win32.ActiveCfg = Debug|Win32
		{91467326-9EDB-43A2-990D-9EE94B6B2516}.DVD-5|Win32.Build.0 = Debug|Win32
		{91467326-9EDB-43A2-990D-9EE94B6B2516}.DVD-5|x64.ActiveCfg = Debug|Win32
		{91467326-9EDB-43A2-990D-9EE94B6B2516}.Release|Win32.ActiveCfg = Release|Win32
		{91467326-9EDB-43A2-990D-9EE94B6B2516}.Release|Win32.Build.0 = Release|Win32
		{91467326-9EDB-43A2-990D-9EE94B6B2516}.Release|x64.ActiveCfg = Release|Win32
		{91467326-9EDB-43A2-990D-9EE94B6B2516}.SingleImage|Win32.ActiveCfg = Release|Win32
		{91467326-9EDB-43A2-990D-9EE94B6B2516}.SingleImage|Win32.Build.0 = Release|Win32
		{91467326-9EDB-43A2-990D-9EE94B6B2516}.SingleImage|x64.ActiveCfg = Release|Win32
		{2D31DAFD-FC5C-4B05-B8DB-441D3B8D047B}.CD_ROM|Win32.ActiveCfg = Release|Win32
		{2D31DAFD-FC5C-4B05-B8DB-441D3B8D047B}.CD_ROM|Win32.Build.0 = Release|Win32
		{2D31DAFD-FC5C-4B05-B8DB-441D3B8D047B}.CD_ROM|x64.ActiveCfg = Release|Win32
		{2D31DAFD-FC5C-4B05-B8DB-441D3B8D047B}.Debug|Win32.ActiveCfg = Debug|Win32
		{2D31DAFD-FC5C-4B05-B8DB-441D3B8D047B}.Debug|Win32.Build.0 = Debug|Win32
		{2D31DAFD-FC5C-4B05-B8DB-441D3B8D047B}.Debug|x64.ActiveCfg = Debug|Win32
		{2D31DAFD-FC5C-4B05-B8DB-441D3B8D047B}.DVD-5|Win32.ActiveCfg = Debug|Win32
		{2D31DAFD-FC5C-4B05-B8DB-441D3B8D047B}.DVD-5|Win32.Build.0 = Debug|Win32
		{2D31DAFD-FC5C-4B05-B8DB-441D3B8D047B}.DVD-5|x64.ActiveCfg = Debug|Win32
		{2D31DAFD-FC5C-4B05-B8DB-441D3B8D047B}.Release|Win32.ActiveCfg = Release|Win32
		{2D31DAFD-FC5C-4B05-B8DB-441D3B8D047B}.Release|Win32.Build.0 = Release|Win32
		{2D31DAFD-FC5C-4B05-B8DB-441D3B8D047B}.Release|x64.ActiveCfg = Release|Win32
		{2D31DAFD-FC5C-4B05-B8DB-441D3B8D047B}.SingleImage|Win32.ActiveCfg = Release|Win32
		{2D31DAFD-FC5C-4B05-B8DB-441D3B8D047B}.SingleImage|Win32.Build.0 = Release|Win32
		{2D31DAFD-FC5C-4B05-B8DB-441D3B8D047B}.SingleImage|x64.ActiveCfg = Release|Win32
		{184BD260-CCBF-45B0-B9F2-CA729401BB83}.CD_ROM|Win32.ActiveCfg = Release|Win32
		{184BD260-CCBF-45B0-B9F2-CA729401BB83}.CD_ROM|Win32.Build.0 = Release|Win32
		{184BD260-CCBF-45B0-B9F2-CA729401BB83}.CD_ROM|x64.ActiveCfg = Release|Win32
		{184BD260-CCBF-45B0-B9F2-CA729401BB83}.Debug|Win32.ActiveCfg = Debug|Win32
		{184BD260-CCBF-45B0-B9F2-CA729401BB83}.Debug|Win32.Build.0 = Debug|Win32
		{184BD260-CCBF-45B0-B9F2-CA729401BB83}.Debug|x64.ActiveCfg = Debug|Win32
		{184BD260-CCBF-45B0-B9F2-CA729401BB83}.DVD-5|Win32.ActiveCfg = Debug|Win32
		{184BD260-CCBF-45B0-B9F2-CA729401BB83}.DVD-5|Win32.Build.0 = Debug|Win32
		{184BD260-CCBF-45B0-B9F2-CA729401BB83}.DVD-5|x64.ActiveCfg = Debug|Win32
		{184BD260-CCBF-45B0-B9F2-CA729401BB83}.Release|Win32.ActiveCfg = Release|Win32
		{184BD260-CCBF-45B0-B9F2-CA729401BB83}.Release|Win32.Build.0 = Release|Win32
		{184BD260-CCBF-45B0-B9F2-CA729401BB83}.Release|x64.ActiveCfg = Release|Win32
		{184BD260-CCBF-45B0-B9F2-CA729401BB83}.SingleImage|Win32.ActiveCfg = Release|Win32
		{184BD260-CCBF-45B0-B9F2-CA729401BB83}.SingleImage|Win32.Build.0 = Release|Win32
		{184BD260-CCBF-45B0-B9F2-CA729401BB83}.SingleImage|x64.ActiveCfg = Release|Win32
		{A97F2AE3-3513-437D-903F-58C9A20BCAAF}.CD_ROM|Win32.ActiveCfg = Release|Win32
		{A97F2AE3-3513-437D-903F-58C9A20BCAAF}.CD_ROM|Win32.Build.0 = Release|Win32
		{A97F2AE3-3513-437D-903F-58C9A20BCAAF}.CD_ROM|x64.ActiveCfg = Release|Win32
		{A97F2AE3-3513-437D-903F-58C9A20BCAAF}.Debug|Win32.ActiveCfg = Debug|Win32
		{A97F2AE3-3513-437D-903F-58C9A20BCAAF}.Debug|Win32.Build.0 = Debug|Win32
		{A97F2AE3-3513-437D-903F-58C9A20BCAAF}.Debug|x64.ActiveCfg = Debug|Win32
		{A97F2AE3-3513-437D-903F-58C9A20BCAAF}.DVD-5|Win32.ActiveCfg = Debug|Win32
		{A97F2AE3-3513-437D-903F-58C9A20BCAAF}.DVD-5|Win32.Build.0 = Debug|Win32
		{A97F2AE3-3513-437D-903F-58C9A20BCAAF}.DVD-5|x64.ActiveCfg = Debug|Win32
		{A97F2AE3-3513-437D-903F-58C9A20BCAAF}.Release|Win32.ActiveCfg = Release|Win32
		{A97F2AE3-3513-437D-903F-58C9A20BCAAF}.Release|Win32.Build.0 = Release|Win32
		{A97F2AE3-3513-437D-903F-58C9A20BCAAF}.Release|x64.ActiveCfg = Release|Win32
		{A97F2AE3-3513-437D-903F-58C9A20BCAAF}.SingleImage|Win32.ActiveCfg = Release|Win32
		{A97F2AE3-3513-437D-903F-58C9A20BCAAF}.SingleImage|Win32.Build.0 = Release|Win32
		{A97F2AE3-3513-437D-903F-58C9A20BCAAF}.SingleImage|x64.ActiveCfg = Release|Win32
		{E51019A9-5EBB-406A-82DB-480660D666BA}.CD_ROM|Win32.ActiveCfg = Release|Win32
		{E51019A9-5EBB-406A-82DB-480660D666BA}.CD_ROM|Win32.Build.0 = Release|Win32
		{E51019A9-5EBB-406A-82DB-480660D666BA}.CD_ROM|x64.ActiveCfg = Release|Win32
		{E51019A9-5EBB-406A-82DB-480660D666BA}.Debug|Win32.ActiveCfg = Debug|Win32
		{E51019A9-5EBB-406A-82DB-480660D666BA}.Debug|Win32.Build.0 = Debug|Win32
		{E51019A9-5EBB-406A-82DB-480660D666BA}.Debug|x64.ActiveCfg = Debug|Win32
		{E51019A9-5EBB-406A-82DB-480660D666BA}.DVD-5|Win32.ActiveCfg = Debug|Win32
		{E51019A9-5EBB-406A-82DB-480660D666BA}.DVD-5|Win32.Build.0 = Debug|Win32
		{E51019A9-5EBB-406A-82DB-480660D666BA}.DVD-5|x64.ActiveCfg = Debug|Win32
		{E51019A9-5EBB-406A-82DB-480660D666BA}.Release|Win32.ActiveCfg = Release|Win32
		{E51019A9-5EBB-406A-82DB-480660D666BA}.Release|Win32.Build.0 = Release|Win32
		{E51019A9-5EBB-406A-82DB-480660D666BA}.Release|x64.ActiveCfg = Release|Win32
		{E51019A9-5EBB-406A-82DB-480660D666BA}.SingleImage|Win32.ActiveCfg = Release|Win32
		{E51019A9-5EBB-406A-82DB-480660D666BA}.SingleImage|Win32.Build.0 = Release|Win32
		{E51019A9-5EBB-406A-82DB-480660D666BA}.SingleImage|x64.ActiveCfg = Release|Win32
		{7C05072E-82A7-40B5-96A0-06AA0C5ED700}.CD_ROM|Win32.ActiveCfg = Release|Win32
		{7C05072E-82A7-40B5-96A0-06AA0C5ED700}.CD_ROM|Win32.Build.0 = Release|Win32
		{7C05072E-82A7-40B5-96A0-06AA0C5ED700}.CD_ROM|x64.ActiveCfg = Release|Win32
		{7C05072E-82A7-40B5-96A0-06AA0C5ED700}.Debug|Win32.ActiveCfg = Debug|Win32
		{7C05072E-82A7-40B5-96A0-06AA0C5ED700}.Debug|Win32.Build.0 = Debug|Win32
		{7C05072E-82A7-40B5-96A0-06AA0C5ED700}.Debug|x64.ActiveCfg = Debug|Win32
		{7C05072E-82A7-40B5-96A0-06AA0C5ED700}.DVD-5|Win32.ActiveCfg = Debug|Win32
		{7C05072E-82A7-40B5-96A0-06AA0C5ED700}.DVD-5|Win32.Build.0 = Debug|Win32
		{7C05072E-82A7-40B5-96A0-06AA0C5ED700}.DVD-5|x64.ActiveCfg = Debug|Win32
		{7C05072E-82A7-40B5-96A0-06AA0C5ED700}.Release|Win32.ActiveCfg = Release|Win32
		{7C05072E-82A7-40B5-96A0-06AA0C5ED700}.Release|Win32.Build.0 = Release|Win32
		{7C05072E-82A7-40B5-96A0-06AA0C5ED700}.Release|x64.ActiveCfg = Release|Win32
		{7C05072E-82A7-40B5-96A0-06AA0C5ED700}.SingleImage|Win32.ActiveCfg = Release|Win32
		{7C05072E-82A7-40B5-96A0-06AA0C5ED700}.SingleImage|Win32.Build.0 = Release|Win32
		{7C05072E-82A7-40B5-96A0-06AA0C5ED700}.SingleImage|x64.ActiveCfg = Release|Win32
		{906A0B24-C4B5-4824-A027-CE75BF66242D}.CD_ROM|Win32.ActiveCfg = Release|Win32
		{906A0B24-C4B5-4824-A027-CE75BF66242D}.CD_ROM|Win32.Build.0 = Release|Win32
		{906A0B24-C4B5-4824-A027-CE75BF66242D}.CD_ROM|x64.ActiveCfg = Release|Win32
		{906A0B24-C4B5-4824-A027-CE75BF66242D}.Debug|Win32.ActiveCfg = Debug|Win32
		{906A0B24-C4B5-4824-A027-CE75BF66242D}.Debug|Win32.Build.0 = Debug|Win32
		{906A0B24-C4B5-4824-A027-CE75BF66242D}.Debug|x64.ActiveCfg = Debug|Win32
		{906A0B24-C4B5-4824-A027-CE75BF66242D}.DVD-5|Win32.ActiveCfg = Debug|Win32
		{906A0B24-C4B5-4824-A027-CE75BF66242D}.DVD-5|Win32.Build.0 = Debug|Win32
		{906A0B24-C4B5-4824-A027-CE75BF66242D}.DVD-5|x64.ActiveCfg = Debug|Win32
		{906A0B24-C4B5-4824-A027-CE75BF66242D}.Release|Win32.ActiveCfg = Release|Win32
		{906A0B24-C4B5-4824-A027-CE75BF66242D}.Release|Win32.Build.0 = Release|Win32
		{906A0B24-C4B5-4824-A027-CE75BF66242D}.Release|x64.ActiveCfg = Release|Win32
		{906A0B24-C4B5-4824-A027-CE75BF66242D}.SingleImage|Win32.ActiveCfg = Release|Win32
		{906A0B24-C4B5-4824-A027-CE75BF66242D}.SingleImage|Win32.Build.0 = Release|Win32
		{906A0B24-C4B5-4824-A027-CE75BF66242D}.SingleImage|x64.ActiveCfg = Release|Win32
		{B2C1EC0F-1E2D-43D3-8693-8C8A76188907}.CD_ROM|Win32.ActiveCfg = Release|Win32
		{B2C1EC0F-1E2D-43D3-8693-8C8A76188907}.CD_ROM|Win32.Build.0 = Release|Win32
		{B2C1EC0F-1E2D-43D3-8693-8C8A76188907}.CD_ROM|x64.ActiveCfg = Release|Win32
		{B2C1EC0F-1E2D-43D3-8693-8C8A76188907}.Debug|Win32.ActiveCfg = Debug|Win32
		{B2C1EC0F-1E2D-43D3-8693-8C8A76188907}.Debug|Win32.Build.0 = Debug|Win32
		{B2C1EC0F-1E2D-43D3-8693-8C8A76188907}.Debug|x64.ActiveCfg = Debug|Win32
		{B2C1EC0F-1E2D-43D3-8693-8C8A76188907}.DVD-5|Win32.ActiveCfg = Debug|Win32
		{B2C1EC0F-1E2D-43D3-8693-8C8A76188907}.DVD-5|Win32.Build.0 = Debug|Win32
		{B2C1EC0F-1E2D-43D3-8693-8C8A76188907}.DVD-5|x64.ActiveCfg = Debug|Win32
		{B2C1EC0F-1E2D-43D3-8693-8C8A76188907}.Release|Win32.ActiveCfg = Release|Win32
		{B2C1EC0F-1E2D-43D3-8693-8C8A76188907}.Release|Win32.Build.0 = Release|Win32
		{B2C1EC0F-1E2D-43D3-8693-8C8A76188907}.Release|x64.ActiveCfg = Release|Win32
		{B2C1EC0F-1E2D-43D3-8693-8C8A76188907}.SingleImage|Win32.ActiveCfg = Release|Win32
		{B2C1EC0F-1E2D-43D3-8693-8C8A76188907}.SingleImage|Win32.Build.0 = Release|Win32
		{B2C1EC0F-1E2D-43D3-8693-8C8A76188907}.SingleImage|x64.ActiveCfg = Release|Win32
		{BEBC9EA2-AD8B-43D7-A95D-2D6D86A899DC}.CD_ROM|Win32.ActiveCfg = Release|Win32
		{BEBC9EA2-AD8B-43D7-A95D-2D6D86A899DC}.CD_ROM|Win32.Build.0 = Release|Win32
		{BEBC9EA2-AD8B-43D7-A95D-2D6D86A899DC}.CD_ROM|x64.ActiveCfg = Release|Win32
		{BEBC9EA2-AD8B-43D7-A95D-2D6D86A899DC}.Debug|Win32.ActiveCfg = Debug|Win32
		{BEBC9EA2-AD8B-43D7-A95D-2D6D86A899DC}.Debug|Win32.Build.0 = Debug|Win32
		{BEBC9EA2-AD8B-43D7-A95D-2D6D86A899DC}.Debug|x64.ActiveCfg = Debug|Win32
		{BEBC9EA2-AD8B-43D7-A95D-2D6D86A899DC}.DVD-5|Win32.ActiveCfg = Debug|Win32
		{BEBC9EA2-AD8B-43D7-A95D-2D6D86A899DC}.DVD-5|Win32.Build.0 = Debug|Win32
		{BEBC9EA2-AD8B-43D7-A95D-2D6D86A899DC}.DVD-5|x64.ActiveCfg = Debug|Win32
		{BEBC9EA2-AD8B-43D7-A95D-2D6D86A899DC}.Release|Win32.ActiveCfg = Release|Win32
		{BEBC9EA2-AD8B-43D7-A95D-2D6D86A899DC}.Release|Win32.Build.0 = Release|Win32
		{BEBC9EA2-AD8B-43D7-A95D-2D6D86A899DC}.Release|x64.ActiveCfg = Release|Win32
		{BEBC9EA2-AD8B-43D7-A95D-2D6D86A899DC}.SingleImage|Win32.ActiveCfg = Release|Win32
		{BEBC9EA2-AD8B-43D7-A95D-2D6D86A899DC}.SingleImage|Win32.Build.0 = Release|Win32
		{BEBC9EA2-AD8B-43D7-A95D-2D6D86A899DC}.SingleImage|x64.ActiveCfg = Release|Win32
		{E4929E39-EF57-470E-A748-0A5C28D74C5E}.CD_ROM|Win32.ActiveCfg = Release|Win32
		{E4929E39-EF57-470E-A748-0A5C28D74C5E}.CD_ROM|Win32.Build.0 = Release|Win32
		{E4929E39-EF57-470E-A748-0A5C28D74C5E}.CD_ROM|x64.ActiveCfg = Release|Win32
		{E4929E39-EF57-470E-A748-0A5C28D74C5E}.Debug|Win32.ActiveCfg = Debug|Win32
		{E4929E39-EF57-470E-A748-0A5C28D74C5E}.Debug|Win32.Build.0 = Debug|Win32
		{E4929E39-EF57-470E-A748-0A5C28D74C5E}.Debug|x64.ActiveCfg = Debug|Win32
		{E4929E39-EF57-470E-A748-0A5C28D74C5E}.DVD-5|Win32.ActiveCfg = Debug|Win32
		{E4929E39-EF57-470E-A748-0A5C28D74C5E}.DVD-5|Win32.Build.0 = Debug|Win32
		{E4929E39-EF57-470E-A748-0A5C28D74C5E}.DVD-5|x64.ActiveCfg = Debug|Win32
		{E4929E39-EF57-470E-A748-0A5C28D74C5E}.Release|Win32.ActiveCfg = Release|Win32
		{E4929E39-EF57-470E-A748-0A5C28D74C5E}.Release|Win32.Build.0 = Release|Win32
		{E4929E39-EF57-470E-A748-0A5C28D74C5E}.Release|x64.ActiveCfg = Release|Win32
		{E4929E39-EF57-470E-A748-0A5C28D74C5E}.SingleImage|Win32.ActiveCfg = Release|Win32
		{E4929E39-EF57-470E-A748-0A5C28D74C5E}.SingleImage|Win32.Build.0 = Release|Win32
		{E4929E39-EF57-470E-A748-0A5C28D74C5E}.SingleImage|x64.ActiveCfg = Release|Win32
		{349EE8F9-7D25-4909-AAF5-FF3FADE72187}.CD_ROM|Win32.ActiveCfg = Release|Win32
		{349EE8F9-7D25-4909-AAF5-FF3FADE72187}.CD_ROM|Win32.Build.0 = Release|Win32
		{349EE8F9-7D25-4909-AAF5-FF3FADE72187}.CD_ROM|x64.ActiveCfg = Release|Win32
		{349EE8F9-7D25-4909-AAF5-FF3FADE72187}.Debug|Win32.ActiveCfg = Debug|Win32
		{349EE8F9-7D25-4909-AAF5-FF3FADE72187}.Debug|Win32.Build.0 = Debug|Win32
		{349EE8F9-7D25-4909-AAF5-FF3FADE72187}.Debug|x64.ActiveCfg = Debug|Win32
		{349EE8F9-7D25-4909-AAF5-FF3FADE72187}.DVD-5|Win32.ActiveCfg = Debug|Win32
		{349EE8F9-7D25-4909-AAF5-FF3FADE72187}.DVD-5|Win32.Build.0 = Debug|Win32
		{349EE8F9-7D25-4909-AAF5-FF3FADE72187}.DVD-5|x64.ActiveCfg = Debug|Win32
		{349EE8F9-7D25-4909-AAF5-FF3FADE72187}.Release|Win32.ActiveCfg = Release|Win32
		{349EE8F9-7D25-4909-AAF5-FF3FADE72187}.Release|Win32.Build.0 = Release|Win32
		{349EE8F9-7D25-4909-AAF5-FF3FADE72187}.Release|x64.ActiveCfg = Release|Win32
		{349EE8F9-7D25-4909-AAF5-FF3FADE72187}.SingleImage|Win32.ActiveCfg = Release|Win32
		{349EE8F9-7D25-4909-AAF5-FF3FADE72187}.SingleImage|Win32.Build.0 = Release|Win32
		{349EE8F9-7D25-4909-AAF5-FF3FADE72187}.SingleImage|x64.ActiveCfg = Release|Win32
		{5AA3F412-D3AB-437E-A8CF-C1B9ACBCA25E}.CD_ROM|Win32.ActiveCfg = Release|Win32
		{5AA3F412-D3AB-437E-A8CF-C1B9ACBCA25E}.CD_ROM|Win32.Build.0 = Release|Win32
		{5AA3F412-D3AB-437E-A8CF-C1B9ACBCA25E}.CD_ROM|x64.ActiveCfg = Release|Win32
		{5AA3F412-D3AB-437E-A8CF-C1B9ACBCA25E}.Debug|Win32.ActiveCfg = Debug|Win32
		{5AA3F412-D3AB-437E-A8CF-C1B9ACBCA25E}.Debug|Win32.Build.0 = Debug|Win32
		{5AA3F412-D3AB-437E-A8CF-C1B9ACBCA25E}.Debug|x64.ActiveCfg = Debug|Win32
		{5AA3F412-D3AB-437E-A8CF-C1B9ACBCA25E}.DVD-5|Win32.ActiveCfg = Debug|Win32
		{5AA3F412-D3AB-437E-A8CF-C1B9ACBCA25E}.DVD-5|Win32.Build.0 = Debug|Win32
		{5AA3F412-D3AB-437E-A8CF-C1B9ACBCA25E}.DVD-5|x64.ActiveCfg = Debug|Win32
		{5AA3F412-D3AB-437E-A8CF-C1B9ACBCA25E}.Release|Win32.ActiveCfg = Release|Win32
		{5AA3F412-D3AB-437E-A8CF-C1B9ACBCA25E}.Release|Win32.Build.0 = Release|Win32
		{5AA3F412-D3AB-437E-A8CF-C1B9ACBCA25E}.Release|x64.ActiveCfg = Release|Win32
		{5AA3F412-D3AB-437E-A8CF-C1B9ACBCA25E}.SingleImage|Win32.ActiveCfg = Release|Win32
		{5AA3F412-D3AB-437E-A8CF-C1B9ACBCA25E}.SingleImage|Win32.Build.0 = Release|Win32
		{5AA3F412-D3AB-437E-A8CF-C1B9ACBCA25E}.SingleImage|x64.ActiveCfg = Release|Win32
		{8835A92A-A566-4F75-8BED-21A5DABD6342}.CD_ROM|Win32.ActiveCfg = Release|Win32
		{8835A92A-A566-4F75-8BED-21A5DABD6342}.CD_ROM|Win32.Build.0 = Release|Win32
		{8835A92A-A566-4F75-8BED-21A5DABD6342}.CD_ROM|x64.ActiveCfg = Release|Win32
		{8835A92A-A566-4F75-8BED-21A5DABD6342}.Debug|Win32.ActiveCfg = Debug|Win32
		{8835A92A-A566-4F75-8BED-21A5DABD6342}.Debug|Win32.Build.0 = Debug|Win32
		{8835A92A-A566-4F75-8BED-21A5DABD6342}.Debug|x64.ActiveCfg = Debug|Win32
		{8835A92A-A566-4F75-8BED-21A5DABD6342}.DVD-5|Win32.ActiveCfg = Debug|Win32
		{8835A92A-A566-4F75-8BED-21A5DABD6342}.DVD-5|Win32.Build.0 = Debug|Win32
		{8835A92A-A566-4F75-8BED-21A5DABD6342}.DVD-5|x64.ActiveCfg = Debug|Win32
		{8835A92A-A566-4F75-8BED-21A5DABD6342}.Release|Win32.ActiveCfg = Release|Win32
		{8835A92A-A566-4F75-8BED-21A5DABD6342}.Release|Win32.Build.0 = Release|Win32
		{8835A92A-A566-4F75-8BED-21A5DABD6342}.Release|x64.ActiveCfg = Release|Win32
		{8835A92A-A566-4F75-8BED-21A5DABD6342}.SingleImage|Win32.ActiveCfg = Release|Win32
		{8835A92A-A566-4F75-8BED-21A5DABD6342}.SingleImage|Win32.Build.0 = Release|Win32
		{8835A92A-A566-4F75-8BED-21A5DABD6342}.SingleImage|x64.ActiveCfg = Release|Win32
		{1A665DC9-9C8B-428A-AC8C-5E9DBC3529AA}.CD_ROM|Win32.ActiveCfg = Release|Win32
		{1A665DC9-9C8B-428A-AC8C-5E9DBC3529AA}.CD_ROM|Win32.Build.0 = Release|Win32
		{1A665DC9-9C8B-428A-AC8C-5E9DBC3529AA}.CD_ROM|x64.ActiveCfg = Release|Win32
		{1A665DC9-9C8B-428A-AC8C-5E9DBC3529AA}.Debug|Win32.ActiveCfg = Debug|Win32
		{1A665DC9-9C8B-428A-AC8C-5E9DBC3529AA}.Debug|Win32.Build.0 = Debug|Win32
		{1A665DC9-9C8B-428A-AC8C-5E9DBC3529AA}.Debug|x64.ActiveCfg = Debug|Win32
		{1A665DC9-9C8B-428A-AC8C-5E9DBC3529AA}.DVD-5|Win32.ActiveCfg = Debug|Win32
		{1A665DC9-9C8B-428A-AC8C-5E9DBC3529AA}.DVD-5|Win32.Build.0 = Debug|Win32
		{1A665DC9-9C8B-428A-AC8C-5E9DBC3529AA}.DVD-5|x64.ActiveCfg = Debug|Win32
		{1A665DC9-9C8B-428A-AC8C-5E9DBC3529AA}.Release|Win32.ActiveCfg = Release|Win32
		{1A665DC9-9C8B-428A-AC8C-5E9DBC3529AA}.Release|Win32.Build.0 = Release|Win32
		{1A665DC9-9C8B-428A-AC8C-5E9DBC3529AA}.Release|x64.ActiveCfg = Release|Win32
		{1A665DC9-9C8B-428A-AC8C-5E9DBC3529AA}.SingleImage|Win32.ActiveCfg = Release|Win32
		{1A665DC9-9C8B-428A-AC8C-5E9DBC3529AA}.SingleImage|Win32.Build.0 = Release|Win32
		{1A665DC9-9C8B-428A-AC8C-5E9DBC3529AA}.SingleImage|x64.ActiveCfg = Release|Win32
		{66EB3A42-A52A-4521-88CB-E93CC730D44B}.CD_ROM|Win32.ActiveCfg = Release|Win32
		{66EB3A42-A52A-4521-88CB-E93CC730D44B}.CD_ROM|Win32.Build.0 = Release|Win32
		{66EB3A42-A52A-4521-88CB-E93CC730D44B}.CD_ROM|x64.ActiveCfg = Release|Win32
		{66EB3A42-A52A-4521-88CB-E93CC730D44B}.Debug|Win32.ActiveCfg = Debug|Win32
		{66EB3A42-A52A-4521-88CB-E93CC730D44B}.Debug|Win32.Build.0 = Debug|Win32
		{66EB3A42-A52A-4521-88CB-E93CC730D44B}.Debug|x64.ActiveCfg = Debug|Win32
		{66EB3A42-A52A-4521-88CB-E93CC730D44B}.DVD-5|Win32.ActiveCfg = Debug|Win32
		{66EB3A42-A52A-4521-88CB-E93CC730D44B}.DVD-5|Win32.Build.0 = Debug|Win32
		{66EB3A42-A52A-4521-88CB-E93CC730D44B}.DVD-5|x64.ActiveCfg = Debug|Win32
		{66EB3A42-A52A-4521-88CB-E93CC730D44B}.Release|Win32.ActiveCfg = Release|Win32
		{66EB3A42-A52A-4521-88CB-E93CC730D44B}.Release|Win32.Build.0 = Release|Win32
		{66EB3A42-A52A-4521-88CB-E93CC730D44B}.Release|x64.ActiveCfg = Release|Win32
		{66EB3A42-A52A-4521-88CB-E93CC730D44B}.SingleImage|Win32.ActiveCfg = Release|Win32
		{66EB3A42-A52A-4521-88CB-E93CC730D44B}.SingleImage|Win32.Build.0 = Release|Win32
		{66EB3A42-A52A-4521-88CB-E93CC730D44B}.SingleImage|x64.ActiveCfg = Release|Win32
		{B7996400-C9D4-4036-91B3-D37EC369929B}.CD_ROM|Win32.ActiveCfg = Release|Win32
		{B7996400-C9D4-4036-91B3-D37EC369929B}.CD_ROM|Win32.Build.0 = Release|Win32
		{B7996400-C9D4-4036-91B3-D37EC369929B}.CD_ROM|x64.ActiveCfg = Release|Win32
		{B7996400-C9D4-4036-91B3-D37EC369929B}.Debug|Win32.ActiveCfg = Debug|Win32
		{B7996400-C9D4-4036-91B3-D37EC369929B}.Debug|Win32.Build.0 = Debug|Win32
		{B7996400-C9D4-4036-91B3-D37EC369929B}.Debug|x64.ActiveCfg = Debug|Win32
		{B7996400-C9D4-4036-91B3-D37EC369929B}.DVD-5|Win32.ActiveCfg = Debug|Win32
		{B7996400-C9D4-4036-91B3-D37EC369929B}.DVD-5|Win32.Build.0 = Debug|Win32
		{B7996400-C9D4-4036-91B3-D37EC369929B}.DVD-5|x64.ActiveCfg = Debug|Win32
		{B7996400-C9D4-4036-91B3-D37EC369929B}.Release|Win32.ActiveCfg = Release|Win32
		{B7996400-C9D4-4036-91B3-D37EC369929B}.Release|Win32.Build.0 = Release|Win32
		{B7996400-C9D4-4036-91B3-D37EC369929B}.Release|x64.ActiveCfg = Release|Win32
		{B7996400-C9D4-4036-91B3-D37EC369929B}.SingleImage|Win32.ActiveCfg = Release|Win32
		{B7996400-C9D4-4036-91B3-D37EC369929B}.SingleImage|Win32.Build.0 = Release|Win32
		{B7996400-C9D4-4036-91B3-D37EC369929B}.SingleImage|x64.ActiveCfg = Release|Win32
		{59BEBBF6-209B-43A3-A1E8-B75530374218}.CD_ROM|Win32.ActiveCfg = Release|Win32
		{59BEBBF6-209B-43A3-A1E8-B75530374218}.CD_ROM|Win32.Build.0 = Release|Win32
		{59BEBBF6-209B-43A3-A1E8-B75530374218}.CD_ROM|x64.ActiveCfg = Release|Win32
		{59BEBBF6-209B-43A3-A1E8-B75530374218}.Debug|Win32.ActiveCfg = Debug|Win32
		{59BEBBF6-209B-43A3-A1E8-B75530374218}.Debug|Win32.Build.0 = Debug|Win32
		{59BEBBF6-209B-43A3-A1E8-B75530374218}.Debug|x64.ActiveCfg = Debug|Win32
		{59BEBBF6-209B-43A3-A1E8-B75530374218}.DVD-5|Win32.ActiveCfg = Debug|Win32
		{59BEBBF6-209B-43A3-A1E8-B75530374218}.DVD-5|Win32.Build.0 = Debug|Win32
		{59BEBBF6-209B-43A3-A1E8-B75530374218}.DVD-5|x64.ActiveCfg = Debug|Win32
		{59BEBBF6-209B-43A3-A1E8-B75530374218}.Release|Win32.ActiveCfg = Release|Win32
		{59BEBBF6-209B-43A3-A1E8-B75530374218}.Release|Win32.Build.0 = Release|Win32
		{59BEBBF6-209B-43A3-A1E8-B75530374218}.Release|x64.ActiveCfg = Release|Win32
		{59BEBBF6-209B-43A3-A1E8-B75530374218}.SingleImage|Win32.ActiveCfg = Release|Win32
		{59BEBBF6-209B-43A3-A1E8-B75530374218}.SingleImage|Win32.Build.0 = Release|Win32
		{59BEBBF6-209B-43A3-A1E8-B75530374218}.SingleImage|x64.ActiveCfg = Release|Win32
		{288469E5-FAD9-4674-8BFC-A3CC85912578}.CD_ROM|Win32.ActiveCfg = Release|Win32
		{288469E5-FAD9-4674-8BFC-A3CC85912578}.CD_ROM|Win32.Build.0 = Release|Win32
		{288469E5-FAD9-4674-8BFC-A3CC85912578}.CD_ROM|x64.ActiveCfg = Release|Win32
		{288469E5-FAD9-4674-8BFC-A3CC85912578}.Debug|Win32.ActiveCfg = Debug|Win32
		{288469E5-FAD9-4674-8BFC-A3CC85912578}.Debug|Win32.Build.0 = Debug|Win32
		{288469E5-FAD9-4674-8BFC-A3CC85912578}.Debug|x64.ActiveCfg = Debug|Win32
		{288469E5-FAD9-4674-8BFC-A3CC85912578}.DVD-5|Win32.ActiveCfg = Debug|Win32
		{288469E5-FAD9-4674-8BFC-A3CC85912578}.DVD-5|Win32.Build.0 = Debug|Win32
		{288469E5-FAD9-4674-8BFC-A3CC85912578}.DVD-5|x64.ActiveCfg = Debug|Win32
		{288469E5-FAD9-4674-8BFC-A3CC85912578}.Release|Win32.ActiveCfg = Release|Win32
		{288469E5-FAD9-4674-8BFC-A3CC85912578}.Release|Win32.Build.0 = Release|Win32
		{288469E5-FAD9-4674-8BFC-A3CC85912578}.Release|x64.ActiveCfg = Release|Win32
		{288469E5-FAD9-4674-8BFC-A3CC85912578}.SingleImage|Win32.ActiveCfg = Release|Win32
		{288469E5-FAD9-4674-8BFC-A3CC85912578}.SingleImage|Win32.Build.0 = Release|Win32
		{288469E5-FAD9-4674-8BFC-A3CC85912578}.SingleImage|x64.ActiveCfg = Release|Win32
		{3AFE2419-04D8-404D-B581-EF4C78976D75}.CD_ROM|Win32.ActiveCfg = Release|Win32
		{3AFE2419-04D8-404D-B581-EF4C78976D75}.CD_ROM|Win32.Build.0 = Release|Win32
		{3AFE2419-04D8-404D-B581-EF4C78976D75}.CD_ROM|x64.ActiveCfg = Release|Win32
		{3AFE2419-04D8-404D-B581-EF4C78976D75}.Debug|Win32.ActiveCfg = Debug|Win32
		{3AFE2419-04D8-404D-B581-EF4C78976D75}.Debug|Win32.Build.0 = Debug|Win32
		{3AFE2419-04D8-404D-B581-EF4C78976D75}.Debug|x64.ActiveCfg = Debug|Win32
		{3AFE2419-04D8-404D-B581-EF4C78976D75}.DVD-5|Win32.ActiveCfg = Debug|Win32
		{3AFE2419-04D8-404D-B581-EF4C78976D75}.DVD-5|Win32.Build.0 = Debug|Win32
		{3AFE2419-04D8-404D-B581-EF4C78976D75}.DVD-5|x64.ActiveCfg = Debug|Win32
		{3AFE2419-04D8-404D-B581-EF4C78976D75}.Release|Win32.ActiveCfg = Release|Win32
		{3AFE2419-04D8-404D-B581-EF4C78976D75}.Release|Win32.Build.0 = Release|Win32
		{3AFE2419-04D8-404D-B581-EF4C78976D75}.Release|x64.ActiveCfg = Release|Win32
		{3AFE2419-04D8-404D-B581-EF4C78976D75}.SingleImage|Win32.ActiveCfg = Release|Win32
		{3AFE2419-04D8-404D-B581-EF4C78976D75}.SingleImage|Win32.Build.0 = Release|Win32
		{3AFE2419-04D8-404D-B581-EF4C78976D75}.SingleImage|x64.ActiveCfg = Release|Win32
		{FFA81A84-F6A0-4A4D-B89D-907A139A26B6}.CD_ROM|Win32.ActiveCfg = Release|Win32
		{FFA81A84-F6A0-4A4D-B89D-907A139A26B6}.CD_ROM|Win32.Build.0 = Release|Win32
		{FFA81A84-F6A0-4A4D-B89D-907A139A26B6}.CD_ROM|x64.ActiveCfg = Release|Win32
		{FFA81A84-F6A0-4A4D-B89D-907A139A26B6}.Debug|Win32.ActiveCfg = Debug|Win32
		{FFA81A84-F6A0-4A4D-B89D-907A139A26B6}.Debug|Win32.Build.0 = Debug|Win32
		{FFA81A84-F6A0-4A4D-B89D-907A139A26B6}.Debug|x64.ActiveCfg = Debug|Win32
		{FFA81A84-F6A0-4A4D-B89D-907A139A26B6}.DVD-5|Win32.ActiveCfg = Debug|Win32
		{FFA81A84-F6A0-4A4D-B89D-907A139A26B6}.DVD-5|Win32.Build.0 = Debug|Win32
		{FFA81A84-F6A0-4A4D-B89D-907A139A26B6}.DVD-5|x64.ActiveCfg = Debug|Win32
		{FFA81A84-F6A0-4A4D-B89D-907A139A26B6}.Release|Win32.ActiveCfg = Release|Win32
		{FFA81A84-F6A0-4A4D-B89D-907A139A26B6}.Release|Win32.Build.0 = Release|Win32
		{FFA81A84-F6A0-4A4D-B89D-907A139A26B6}.Release|x64.ActiveCfg = Release|Win32
		{FFA81A84-F6A0-4A4D-B89D-907A139A26B6}.SingleImage|Win32.ActiveCfg = Release|Win32
		{FFA81A84-F6A0-4A4D-B89D-907A139A26B6}.SingleImage|Win32.Build.0 = Release|Win32
		{FFA81A84-F6A0-4A4D-B89D-907A139A26B6}.SingleImage|x64.ActiveCfg = Release|Win32
		{841512F0-F24E-4D68-BB35-F8CF9988146D}.CD_ROM|Win32.ActiveCfg = Release|x64
		{841512F0-F24E-4D68-BB35-F8CF9988146D}.CD_ROM|x64.ActiveCfg = Release|x64
		{841512F0-F24E-4D68-BB35-F8CF9988146D}.CD_ROM|x64.Build.0 = Release|x64
		{841512F0-F24E-4D68-BB35-F8CF9988146D}.Debug|Win32.ActiveCfg = Release|x64
		{841512F0-F24E-4D68-BB35-F8CF9988146D}.Debug|x64.ActiveCfg = Release|x64
		{841512F0-F24E-4D68-BB35-F8CF9988146D}.Debug|x64.Build.0 = Release|x64
		{841512F0-F24E-4D68-BB35-F8CF9988146D}.DVD-5|Win32.ActiveCfg = Release|x64
		{841512F0-F24E-4D68-BB35-F8CF9988146D}.DVD-5|x64.ActiveCfg = Release|x64
		{841512F0-F24E-4D68-BB35-F8CF9988146D}.DVD-5|x64.Build.0 = Release|x64
		{841512F0-F24E-4D68-BB35-F8CF9988146D}.Release|Win32.ActiveCfg = Release|Win32
		{841512F0-F24E-4D68-BB35-F8CF9988146D}.Release|Win32.Build.0 = Release|Win32
		{841512F0-F24E-4D68-BB35-F8CF9988146D}.Release|x64.ActiveCfg = Release|x64
		{841512F0-F24E-4D68-BB35-F8CF9988146D}.Release|x64.Build.0 = Release|x64
		{841512F0-F24E-4D68-BB35-F8CF9988146D}.SingleImage|Win32.ActiveCfg = Release|x64
		{841512F0-F24E-4D68-BB35-F8CF9988146D}.SingleImage|x64.ActiveCfg = Release|x64
		{841512F0-F24E-4D68-BB35-F8CF9988146D}.SingleImage|x64.Build.0 = Release|x64
		{869DFD9C-BFC6-4FF4-9905-D5C2AC1DABB3}.CD_ROM|Win32.ActiveCfg = CD_ROM
		{869DFD9C-BFC6-4FF4-9905-D5C2AC1DABB3}.CD_ROM|Win32.Build.0 = CD_ROM
		{869DFD9C-BFC6-4FF4-9905-D5C2AC1DABB3}.CD_ROM|x64.ActiveCfg = CD_ROM
		{869DFD9C-BFC6-4FF4-9905-D5C2AC1DABB3}.CD_ROM|x64.Build.0 = CD_ROM
		{869DFD9C-BFC6-4FF4-9905-D5C2AC1DABB3}.Debug|Win32.ActiveCfg = DVD-5
		{869DFD9C-BFC6-4FF4-9905-D5C2AC1DABB3}.Debug|Win32.Build.0 = DVD-5
		{869DFD9C-BFC6-4FF4-9905-D5C2AC1DABB3}.Debug|x64.ActiveCfg = DVD-5
		{869DFD9C-BFC6-4FF4-9905-D5C2AC1DABB3}.Debug|x64.Build.0 = DVD-5
		{869DFD9C-BFC6-4FF4-9905-D5C2AC1DABB3}.DVD-5|Win32.ActiveCfg = DVD-5
		{869DFD9C-BFC6-4FF4-9905-D5C2AC1DABB3}.DVD-5|Win32.Build.0 = DVD-5
		{869DFD9C-BFC6-4FF4-9905-D5C2AC1DABB3}.DVD-5|x64.ActiveCfg = DVD-5
		{869DFD9C-BFC6-4FF4-9905-D5C2AC1DABB3}.DVD-5|x64.Build.0 = DVD-5
		{869DFD9C-BFC6-4FF4-9905-D5C2AC1DABB3}.Release|Win32.ActiveCfg = SingleImage
		{869DFD9C-BFC6-4FF4-9905-D5C2AC1DABB3}.Release|Win32.Build.0 = SingleImage
		{869DFD9C-BFC6-4FF4-9905-D5C2AC1DABB3}.Release|x64.ActiveCfg = SingleImage
		{869DFD9C-BFC6-4FF4-9905-D5C2AC1DABB3}.Release|x64.Build.0 = SingleImage
		{869DFD9C-BFC6-4FF4-9905-D5C2AC1DABB3}.SingleImage|Win32.ActiveCfg = SingleImage
		{869DFD9C-BFC6-4FF4-9905-D5C2AC1DABB3}.SingleImage|Win32.Build.0 = SingleImage
		{869DFD9C-BFC6-4FF4-9905-D5C2AC1DABB3}.SingleImage|x64.ActiveCfg = SingleImage
		{869DFD9C-BFC6-4FF4-9905-D5C2AC1DABB3}.SingleImage|x64.Build.0 = SingleImage
	EndGlobalSection
	GlobalSection(SolutionProperties) = preSolution
		HideSolutionNode = FALSE
	EndGlobalSection
EndGlobal
