
Microsoft Visual Studio Solution File, Format Version 11.00
# Visual Studio 2010
Project("{8BC9CEB8-8B4A-11D0-8D11-00A0C91BC942}") = "CHCFR21_DEUTSCH", "CHCFR21_DEUTSCH.vcxproj", "{91467326-9EDB-43A2-990D-9EE94B6B2516}"
EndProject
Project("{8BC9CEB8-8B4A-11D0-8D11-00A0C91BC942}") = "CHCFR21_ENGLISH", "CHCFR21_ENGLISH.vcxproj", "{2D31DAFD-FC5C-4B05-B8DB-441D3B8D047B}"
EndProject
Project("{8BC9CEB8-8B4A-11D0-8D11-00A0C91BC942}") = "CHCFR21_FRANCAIS", "CHCFR21_FRANCAIS.vcxproj", "{184BD260-CCBF-45B0-B9F2-CA729401BB83}"
EndProject
Project("{8BC9CEB8-8B4A-11D0-8D11-00A0C91BC942}") = "CHCFR21_PATTERNS", "CHCFR21_PATTERNS.vcxproj", "{A97F2AE3-3513-437D-903F-58C9A20BCAAF}"
EndProject
Project("{8BC9CEB8-8B4A-11D0-8D11-00A0C91BC942}") = "ColorHCFR", "ColorHCFR.vcxproj", "{E51019A9-5EBB-406A-82DB-480660D666BA}"
	ProjectSection(ProjectDependencies) = postProject
		{5AA3F412-D3AB-437E-A8CF-C1B9ACBCA25E} = {5AA3F412-D3AB-437E-A8CF-C1B9ACBCA25E}
		{349EE8F9-7D25-4909-AAF5-FF3FADE72187} = {349EE8F9-7D25-4909-AAF5-FF3FADE72187}
	EndProjectSection
EndProject
Project("{8BC9CEB8-8B4A-11D0-8D11-00A0C91BC942}") = "CHCFR21_ESPANOL", "CHCFR21_ESPANOL.vcxproj", "{7C05072E-82A7-40B5-96A0-06AA0C5ED700}"
EndProject
Project("{8BC9CEB8-8B4A-11D0-8D11-00A0C91BC942}") = "cximage", "Tools\CxImage\cximage.vcxproj", "{906A0B24-C4B5-4824-A027-CE75BF66242D}"
EndProject
Project("{8BC9CEB8-8B4A-11D0-8D11-00A0C91BC942}") = "libpng", "Tools\png\projects\visualc71\libpng.vcxproj", "{B2C1EC0F-1E2D-43D3-8693-8C8A76188907}"
EndProject
Project("{8BC9CEB8-8B4A-11D0-8D11-00A0C91BC942}") = "zlib", "Tools\zlib\zlib.vcxproj", "{BEBC9EA2-AD8B-43D7-A95D-2D6D86A899DC}"
EndProject
Project("{8BC9CEB8-8B4A-11D0-8D11-00A0C91BC942}") = "LibJpeg", "Tools\Jpeg\LibJpeg.vcxproj", "{E4929E39-EF57-470E-A748-0A5C28D74C5E}"
EndProject
Project("{8BC9CEB8-8B4A-11D0-8D11-00A0C91BC942}") = "libusb", "Tools\libusb1\libusb-static_2008.vcxproj", "{349EE8F9-7D25-4909-AAF5-FF3FADE72187}"
EndProject
Project("{8BC9CEB8-8B4A-11D0-8D11-00A0C91BC942}") = "spectro", "Tools\spectro\spectro.vcxproj", "{5AA3F412-D3AB-437E-A8CF-C1B9ACBCA25E}"
	ProjectSection(ProjectDependencies) = postProject
		{349EE8F9-7D25-4909-AAF5-FF3FADE72187} = {349EE8F9-7D25-4909-AAF5-FF3FADE72187}
	EndProjectSection
EndProject
Global
	GlobalSection(SolutionConfigurationPlatforms) = preSolution
		Debug|Win32 = Debug|Win32
		Release|Win32 = Release|Win32
	EndGlobalSection
	GlobalSection(ProjectConfigurationPlatforms) = postSolution
		{91467326-9EDB-43A2-990D-9EE94B6B2516}.Debug|Win32.ActiveCfg = Debug|Win32
		{91467326-9EDB-43A2-990D-9EE94B6B2516}.Debug|Win32.Build.0 = Debug|Win32
		{91467326-9EDB-43A2-990D-9EE94B6B2516}.Release|Win32.ActiveCfg = Release|Win32
		{91467326-9EDB-43A2-990D-9EE94B6B2516}.Release|Win32.Build.0 = Release|Win32
		{2D31DAFD-FC5C-4B05-B8DB-441D3B8D047B}.Debug|Win32.ActiveCfg = Debug|Win32
		{2D31DAFD-FC5C-4B05-B8DB-441D3B8D047B}.Debug|Win32.Build.0 = Debug|Win32
		{2D31DAFD-FC5C-4B05-B8DB-441D3B8D047B}.Release|Win32.ActiveCfg = Release|Win32
		{2D31DAFD-FC5C-4B05-B8DB-441D3B8D047B}.Release|Win32.Build.0 = Release|Win32
		{184BD260-CCBF-45B0-B9F2-CA729401BB83}.Debug|Win32.ActiveCfg = Debug|Win32
		{184BD260-CCBF-45B0-B9F2-CA729401BB83}.Debug|Win32.Build.0 = Debug|Win32
		{184BD260-CCBF-45B0-B9F2-CA729401BB83}.Release|Win32.ActiveCfg = Release|Win32
		{184BD260-CCBF-45B0-B9F2-CA729401BB83}.Release|Win32.Build.0 = Release|Win32
		{A97F2AE3-3513-437D-903F-58C9A20BCAAF}.Debug|Win32.ActiveCfg = Debug|Win32
		{A97F2AE3-3513-437D-903F-58C9A20BCAAF}.Debug|Win32.Build.0 = Debug|Win32
		{A97F2AE3-3513-437D-903F-58C9A20BCAAF}.Release|Win32.ActiveCfg = Release|Win32
		{A97F2AE3-3513-437D-903F-58C9A20BCAAF}.Release|Win32.Build.0 = Release|Win32
		{E51019A9-5EBB-406A-82DB-480660D666BA}.Debug|Win32.ActiveCfg = Debug|Win32
		{E51019A9-5EBB-406A-82DB-480660D666BA}.Debug|Win32.Build.0 = Debug|Win32
		{E51019A9-5EBB-406A-82DB-480660D666BA}.Release|Win32.ActiveCfg = Release|Win32
		{E51019A9-5EBB-406A-82DB-480660D666BA}.Release|Win32.Build.0 = Release|Win32
		{7C05072E-82A7-40B5-96A0-06AA0C5ED700}.Debug|Win32.ActiveCfg = Debug|Win32
		{7C05072E-82A7-40B5-96A0-06AA0C5ED700}.Debug|Win32.Build.0 = Debug|Win32
		{7C05072E-82A7-40B5-96A0-06AA0C5ED700}.Release|Win32.ActiveCfg = Release|Win32
		{7C05072E-82A7-40B5-96A0-06AA0C5ED700}.Release|Win32.Build.0 = Release|Win32
		{906A0B24-C4B5-4824-A027-CE75BF66242D}.Debug|Win32.ActiveCfg = Debug|Win32
		{906A0B24-C4B5-4824-A027-CE75BF66242D}.Debug|Win32.Build.0 = Debug|Win32
		{906A0B24-C4B5-4824-A027-CE75BF66242D}.Release|Win32.ActiveCfg = Release|Win32
		{906A0B24-C4B5-4824-A027-CE75BF66242D}.Release|Win32.Build.0 = Release|Win32
		{B2C1EC0F-1E2D-43D3-8693-8C8A76188907}.Debug|Win32.ActiveCfg = Debug|Win32
		{B2C1EC0F-1E2D-43D3-8693-8C8A76188907}.Debug|Win32.Build.0 = Debug|Win32
		{B2C1EC0F-1E2D-43D3-8693-8C8A76188907}.Release|Win32.ActiveCfg = Release|Win32
		{B2C1EC0F-1E2D-43D3-8693-8C8A76188907}.Release|Win32.Build.0 = Release|Win32
		{BEBC9EA2-AD8B-43D7-A95D-2D6D86A899DC}.Debug|Win32.ActiveCfg = Debug|Win32
		{BEBC9EA2-AD8B-43D7-A95D-2D6D86A899DC}.Debug|Win32.Build.0 = Debug|Win32
		{BEBC9EA2-AD8B-43D7-A95D-2D6D86A899DC}.Release|Win32.ActiveCfg = Release|Win32
		{BEBC9EA2-AD8B-43D7-A95D-2D6D86A899DC}.Release|Win32.Build.0 = Release|Win32
		{E4929E39-EF57-470E-A748-0A5C28D74C5E}.Debug|Win32.ActiveCfg = Debug|Win32
		{E4929E39-EF57-470E-A748-0A5C28D74C5E}.Debug|Win32.Build.0 = Debug|Win32
		{E4929E39-EF57-470E-A748-0A5C28D74C5E}.Release|Win32.ActiveCfg = Release|Win32
		{E4929E39-EF57-470E-A748-0A5C28D74C5E}.Release|Win32.Build.0 = Release|Win32
		{349EE8F9-7D25-4909-AAF5-FF3FADE72187}.Debug|Win32.ActiveCfg = Debug|Win32
		{349EE8F9-7D25-4909-AAF5-FF3FADE72187}.Debug|Win32.Build.0 = Debug|Win32
		{349EE8F9-7D25-4909-AAF5-FF3FADE72187}.Release|Win32.ActiveCfg = Release|Win32
		{349EE8F9-7D25-4909-AAF5-FF3FADE72187}.Release|Win32.Build.0 = Release|Win32
		{5AA3F412-D3AB-437E-A8CF-C1B9ACBCA25E}.Debug|Win32.ActiveCfg = Debug|Win32
		{5AA3F412-D3AB-437E-A8CF-C1B9ACBCA25E}.Debug|Win32.Build.0 = Debug|Win32
		{5AA3F412-D3AB-437E-A8CF-C1B9ACBCA25E}.Release|Win32.ActiveCfg = Release|Win32
		{5AA3F412-D3AB-437E-A8CF-C1B9ACBCA25E}.Release|Win32.Build.0 = Release|Win32
	EndGlobalSection
	GlobalSection(SolutionProperties) = preSolution
		HideSolutionNode = FALSE
	EndGlobalSection
EndGlobal
