<?xml version="1.0" encoding="utf-8"?>
<Project ToolsVersion="4.0" xmlns="http://schemas.microsoft.com/developer/msbuild/2003">
  <ItemGroup>
    <Filter Include="Source Files">
      <UniqueIdentifier>{4FC737F1-C7A5-4376-A066-2A32D752A2FF}</UniqueIdentifier>
      <Extensions>cpp;c;cc;cxx;def;odl;idl;hpj;bat;asm;asmx</Extensions>
    </Filter>
    <Filter Include="Header Files">
      <UniqueIdentifier>{93995380-89BD-4b04-88EB-625FBE52EBFB}</UniqueIdentifier>
      <Extensions>h;hpp;hxx;hm;inl;inc;xsd</Extensions>
    </Filter>
    <Filter Include="Resource Files">
      <UniqueIdentifier>{67DA6AB6-F800-4c08-8B7A-83BB121AAD01}</UniqueIdentifier>
      <Extensions>rc;ico;cur;bmp;dlg;rc2;rct;bin;rgs;gif;jpg;jpeg;jpe;resx;tiff;tif;png;wav</Extensions>
    </Filter>
  </ItemGroup>
  <ItemGroup>
    <ClCompile Include="aglob.c">
      <Filter>Source Files</Filter>
    </ClCompile>
    <ClCompile Include="cgats.c">
      <Filter>Source Files</Filter>
    </ClCompile>
    <ClCompile Include="cgatsstd.c">
      <Filter>Source Files</Filter>
    </ClCompile>
    <ClCompile Include="conv.c">
      <Filter>Source Files</Filter>
    </ClCompile>
    <ClCompile Include="hidio.c">
      <Filter>Source Files</Filter>
    </ClCompile>
    <ClCompile Include="i1d3.c">
      <Filter>Source Files</Filter>
    </ClCompile>
    <ClCompile Include="icoms.c">
      <Filter>Source Files</Filter>
    </ClCompile>
    <ClCompile Include="icoms_nt.c">
      <Filter>Source Files</Filter>
    </ClCompile>
    <ClCompile Include="inst.c">
      <Filter>Source Files</Filter>
    </ClCompile>
    <ClCompile Include="insttypes.c">
      <Filter>Source Files</Filter>
    </ClCompile>
    <ClCompile Include="numsup.c">
      <Filter>Source Files</Filter>
    </ClCompile>
    <ClCompile Include="pars.c">
      <Filter>Source Files</Filter>
    </ClCompile>
    <ClCompile Include="parsstd.c">
      <Filter>Source Files</Filter>
    </ClCompile>
    <ClCompile Include="rspl1.c">
      <Filter>Source Files</Filter>
    </ClCompile>
    <ClCompile Include="usbio.c">
      <Filter>Source Files</Filter>
    </ClCompile>
    <ClCompile Include="usbio_nt.c">
      <Filter>Source Files</Filter>
    </ClCompile>
    <ClCompile Include="xdg_bds.c">
      <Filter>Source Files</Filter>
    </ClCompile>
    <ClCompile Include="xspect.c">
      <Filter>Source Files</Filter>
    </ClCompile>
    <ClCompile Include="ccss.c">
      <Filter>Source Files</Filter>
    </ClCompile>
    <ClCompile Include="ccmx.c">
      <Filter>Source Files</Filter>
    </ClCompile>
    <ClCompile Include="disptechs.c">
      <Filter>Source Files</Filter>
    </ClCompile>
    <ClCompile Include="colorhug.c">
      <Filter>Source Files</Filter>
    </ClCompile>
    <ClCompile Include="dtp92.c">
      <Filter>Source Files</Filter>
    </ClCompile>
    <ClCompile Include="hcfr.c">
      <Filter>Source Files</Filter>
    </ClCompile>
    <ClCompile Include="huey.c">
      <Filter>Source Files</Filter>
    </ClCompile>
    <ClCompile Include="i1disp.c">
      <Filter>Source Files</Filter>
    </ClCompile>
    <ClCompile Include="i1pro.c">
      <Filter>Source Files</Filter>
    </ClCompile>
    <ClCompile Include="i1pro_imp.c">
      <Filter>Source Files</Filter>
    </ClCompile>
    <ClCompile Include="kleink10.c">
      <Filter>Source Files</Filter>
    </ClCompile>
    <ClCompile Include="munki.c">
      <Filter>Source Files</Filter>
    </ClCompile>
    <ClCompile Include="munki_imp.c">
      <Filter>Source Files</Filter>
    </ClCompile>
    <ClCompile Include="specbos.c">
      <Filter>Source Files</Filter>
    </ClCompile>
    <ClCompile Include="ss.c">
      <Filter>Source Files</Filter>
    </ClCompile>
    <ClCompile Include="ss_imp.c">
      <Filter>Source Files</Filter>
    </ClCompile>
    <ClCompile Include="spyd2.c">
      <Filter>Source Files</Filter>
    </ClCompile>
    <ClCompile Include="ex1.c">
      <Filter>Source Files</Filter>
    </ClCompile>
  </ItemGroup>
  <ItemGroup>
    <ClInclude Include="aglob.h">
      <Filter>Header Files</Filter>
    </ClInclude>
    <ClInclude Include="cgats.h">
      <Filter>Header Files</Filter>
    </ClInclude>
    <ClInclude Include="colorhug.h">
      <Filter>Header Files</Filter>
    </ClInclude>
    <ClInclude Include="conv.h">
      <Filter>Header Files</Filter>
    </ClInclude>
    <ClInclude Include="copyright.h">
      <Filter>Header Files</Filter>
    </ClInclude>
    <ClInclude Include="dtp92.h">
      <Filter>Header Files</Filter>
    </ClInclude>
    <ClInclude Include="hcfr.h">
      <Filter>Header Files</Filter>
    </ClInclude>
    <ClInclude Include="hidio.h">
      <Filter>Header Files</Filter>
    </ClInclude>
    <ClInclude Include="huey.h">
      <Filter>Header Files</Filter>
    </ClInclude>
    <ClInclude Include="i1d3.h">
      <Filter>Header Files</Filter>
    </ClInclude>
    <ClInclude Include="i1disp.h">
      <Filter>Header Files</Filter>
    </ClInclude>
    <ClInclude Include="i1pro.h">
      <Filter>Header Files</Filter>
    </ClInclude>
    <ClInclude Include="i1pro_imp.h">
      <Filter>Header Files</Filter>
    </ClInclude>
    <ClInclude Include="icoms.h">
      <Filter>Header Files</Filter>
    </ClInclude>
    <ClInclude Include="inst.h">
      <Filter>Header Files</Filter>
    </ClInclude>
    <ClInclude Include="insttypeinst.h">
      <Filter>Header Files</Filter>
    </ClInclude>
    <ClInclude Include="insttypes.h">
      <Filter>Header Files</Filter>
    </ClInclude>
    <ClInclude Include="munki.h">
      <Filter>Header Files</Filter>
    </ClInclude>
    <ClInclude Include="munki_imp.h">
      <Filter>Header Files</Filter>
    </ClInclude>
    <ClInclude Include="numsup.h">
      <Filter>Header Files</Filter>
    </ClInclude>
    <ClInclude Include="pars.h">
      <Filter>Header Files</Filter>
    </ClInclude>
    <ClInclude Include="pollem.h">
      <Filter>Header Files</Filter>
    </ClInclude>
    <ClInclude Include="rspl1.h">
      <Filter>Header Files</Filter>
    </ClInclude>
    <ClInclude Include="specbos.h">
      <Filter>Header Files</Filter>
    </ClInclude>
    <ClInclude Include="spyd2.h">
      <Filter>Header Files</Filter>
    </ClInclude>
    <ClInclude Include="ss.h">
      <Filter>Header Files</Filter>
    </ClInclude>
    <ClInclude Include="ss_imp.h">
      <Filter>Header Files</Filter>
    </ClInclude>
    <ClInclude Include="usbio.h">
      <Filter>Header Files</Filter>
    </ClInclude>
    <ClInclude Include="xdg_bds.h">
      <Filter>Header Files</Filter>
    </ClInclude>
    <ClInclude Include="xspect.h">
      <Filter>Header Files</Filter>
    </ClInclude>
    <ClInclude Include="disptechs.h">
      <Filter>Header Files</Filter>
    </ClInclude>
    <ClInclude Include="kleink10.h">
      <Filter>Header Files</Filter>
    </ClInclude>
    <ClInclude Include="ccmx.h">
      <Filter>Header Files</Filter>
    </ClInclude>
    <ClInclude Include="ccss.h">
      <Filter>Header Files</Filter>
    </ClInclude>
    <ClInclude Include="spyd2setup.h">
      <Filter>Header Files</Filter>
    </ClInclude>
    <ClInclude Include="dispwin.h">
      <Filter>Header Files</Filter>
    </ClInclude>
    <ClInclude Include="render.h">
      <Filter>Header Files</Filter>
    </ClInclude>
    <ClInclude Include="ex1.h">
      <Filter>Header Files</Filter>
    </ClInclude>
  </ItemGroup>
  <ItemGroup>
    <None Include="Readme.txt" />
  </ItemGroup>
</Project>