<?xml version="1.0" encoding="utf-8"?>
<Project ToolsVersion="4.0" xmlns="http://schemas.microsoft.com/developer/msbuild/2003">
  <ItemGroup>
    <Filter Include="Source Files">
      <UniqueIdentifier>{4FC737F1-C7A5-4376-A066-2A32D752A2FF}</UniqueIdentifier>
      <Extensions>cpp;c;cc;cxx;def;odl;idl;hpj;bat;asm;asmx</Extensions>
    </Filter>
    <Filter Include="Header Files">
      <UniqueIdentifier>{93995380-89BD-4b04-88EB-625FBE52EBFB}</UniqueIdentifier>
      <Extensions>h;hpp;hxx;hm;inl;inc;xsd</Extensions>
    </Filter>
    <Filter Include="Resource Files">
      <UniqueIdentifier>{67DA6AB6-F800-4c08-8B7A-83BB121AAD01}</UniqueIdentifier>
      <Extensions>rc;ico;cur;bmp;dlg;rc2;rct;bin;rgs;gif;jpg;jpeg;jpe;resx;tiff;tif;png;wav;mfcribbon-ms</Extensions>
    </Filter>
  </ItemGroup>
  <ItemGroup>
    <None Include="ReadMe.txt" />
  </ItemGroup>
  <ItemGroup>
    <ClCompile Include="src\hpdf_annotation.c">
      <Filter>Source Files</Filter>
    </ClCompile>
    <ClCompile Include="src\hpdf_array.c">
      <Filter>Source Files</Filter>
    </ClCompile>
    <ClCompile Include="src\hpdf_binary.c">
      <Filter>Source Files</Filter>
    </ClCompile>
    <ClCompile Include="src\hpdf_boolean.c">
      <Filter>Source Files</Filter>
    </ClCompile>
    <ClCompile Include="src\hpdf_catalog.c">
      <Filter>Source Files</Filter>
    </ClCompile>
    <ClCompile Include="src\hpdf_destination.c">
      <Filter>Source Files</Filter>
    </ClCompile>
    <ClCompile Include="src\hpdf_dict.c">
      <Filter>Source Files</Filter>
    </ClCompile>
    <ClCompile Include="src\hpdf_doc.c">
      <Filter>Source Files</Filter>
    </ClCompile>
    <ClCompile Include="src\hpdf_doc_png.c">
      <Filter>Source Files</Filter>
    </ClCompile>
    <ClCompile Include="src\hpdf_encoder.c">
      <Filter>Source Files</Filter>
    </ClCompile>
    <ClCompile Include="src\hpdf_encoder_cns.c">
      <Filter>Source Files</Filter>
    </ClCompile>
    <ClCompile Include="src\hpdf_encoder_cnt.c">
      <Filter>Source Files</Filter>
    </ClCompile>
    <ClCompile Include="src\hpdf_encoder_jp.c">
      <Filter>Source Files</Filter>
    </ClCompile>
    <ClCompile Include="src\hpdf_encoder_kr.c">
      <Filter>Source Files</Filter>
    </ClCompile>
    <ClCompile Include="src\hpdf_encrypt.c">
      <Filter>Source Files</Filter>
    </ClCompile>
    <ClCompile Include="src\hpdf_encryptdict.c">
      <Filter>Source Files</Filter>
    </ClCompile>
    <ClCompile Include="src\hpdf_error.c">
      <Filter>Source Files</Filter>
    </ClCompile>
    <ClCompile Include="src\hpdf_ext_gstate.c">
      <Filter>Source Files</Filter>
    </ClCompile>
    <ClCompile Include="src\hpdf_font.c">
      <Filter>Source Files</Filter>
    </ClCompile>
    <ClCompile Include="src\hpdf_font_cid.c">
      <Filter>Source Files</Filter>
    </ClCompile>
    <ClCompile Include="src\hpdf_font_tt.c">
      <Filter>Source Files</Filter>
    </ClCompile>
    <ClCompile Include="src\hpdf_font_type1.c">
      <Filter>Source Files</Filter>
    </ClCompile>
    <ClCompile Include="src\hpdf_fontdef.c">
      <Filter>Source Files</Filter>
    </ClCompile>
    <ClCompile Include="src\hpdf_fontdef_base14.c">
      <Filter>Source Files</Filter>
    </ClCompile>
    <ClCompile Include="src\hpdf_fontdef_cid.c">
      <Filter>Source Files</Filter>
    </ClCompile>
    <ClCompile Include="src\hpdf_fontdef_cns.c">
      <Filter>Source Files</Filter>
    </ClCompile>
    <ClCompile Include="src\hpdf_fontdef_cnt.c">
      <Filter>Source Files</Filter>
    </ClCompile>
    <ClCompile Include="src\hpdf_fontdef_jp.c">
      <Filter>Source Files</Filter>
    </ClCompile>
    <ClCompile Include="src\hpdf_fontdef_kr.c">
      <Filter>Source Files</Filter>
    </ClCompile>
    <ClCompile Include="src\hpdf_fontdef_tt.c">
      <Filter>Source Files</Filter>
    </ClCompile>
    <ClCompile Include="src\hpdf_fontdef_type1.c">
      <Filter>Source Files</Filter>
    </ClCompile>
    <ClCompile Include="src\hpdf_gstate.c">
      <Filter>Source Files</Filter>
    </ClCompile>
    <ClCompile Include="src\hpdf_image.c">
      <Filter>Source Files</Filter>
    </ClCompile>
    <ClCompile Include="src\hpdf_image_png.c">
      <Filter>Source Files</Filter>
    </ClCompile>
    <ClCompile Include="src\hpdf_info.c">
      <Filter>Source Files</Filter>
    </ClCompile>
    <ClCompile Include="src\hpdf_list.c">
      <Filter>Source Files</Filter>
    </ClCompile>
    <ClCompile Include="src\hpdf_mmgr.c">
      <Filter>Source Files</Filter>
    </ClCompile>
    <ClCompile Include="src\hpdf_name.c">
      <Filter>Source Files</Filter>
    </ClCompile>
    <ClCompile Include="src\hpdf_null.c">
      <Filter>Source Files</Filter>
    </ClCompile>
    <ClCompile Include="src\hpdf_number.c">
      <Filter>Source Files</Filter>
    </ClCompile>
    <ClCompile Include="src\hpdf_objects.c">
      <Filter>Source Files</Filter>
    </ClCompile>
    <ClCompile Include="src\hpdf_outline.c">
      <Filter>Source Files</Filter>
    </ClCompile>
    <ClCompile Include="src\hpdf_page_label.c">
      <Filter>Source Files</Filter>
    </ClCompile>
    <ClCompile Include="src\hpdf_page_operator.c">
      <Filter>Source Files</Filter>
    </ClCompile>
    <ClCompile Include="src\hpdf_pages.c">
      <Filter>Source Files</Filter>
    </ClCompile>
    <ClCompile Include="src\hpdf_real.c">
      <Filter>Source Files</Filter>
    </ClCompile>
    <ClCompile Include="src\hpdf_streams.c">
      <Filter>Source Files</Filter>
    </ClCompile>
    <ClCompile Include="src\hpdf_string.c">
      <Filter>Source Files</Filter>
    </ClCompile>
    <ClCompile Include="src\hpdf_utils.c">
      <Filter>Source Files</Filter>
    </ClCompile>
    <ClCompile Include="src\hpdf_xref.c">
      <Filter>Source Files</Filter>
    </ClCompile>
  </ItemGroup>
  <ItemGroup>
    <ClInclude Include="include\hpdf.h">
      <Filter>Header Files</Filter>
    </ClInclude>
    <ClInclude Include="include\hpdf_3dmeasure.h">
      <Filter>Header Files</Filter>
    </ClInclude>
    <ClInclude Include="include\hpdf_annotation.h">
      <Filter>Header Files</Filter>
    </ClInclude>
    <ClInclude Include="include\hpdf_catalog.h">
      <Filter>Header Files</Filter>
    </ClInclude>
    <ClInclude Include="include\hpdf_conf.h">
      <Filter>Header Files</Filter>
    </ClInclude>
    <ClInclude Include="include\hpdf_consts.h">
      <Filter>Header Files</Filter>
    </ClInclude>
    <ClInclude Include="include\hpdf_destination.h">
      <Filter>Header Files</Filter>
    </ClInclude>
    <ClInclude Include="include\hpdf_doc.h">
      <Filter>Header Files</Filter>
    </ClInclude>
    <ClInclude Include="include\hpdf_encoder.h">
      <Filter>Header Files</Filter>
    </ClInclude>
    <ClInclude Include="include\hpdf_encrypt.h">
      <Filter>Header Files</Filter>
    </ClInclude>
    <ClInclude Include="include\hpdf_encryptdict.h">
      <Filter>Header Files</Filter>
    </ClInclude>
    <ClInclude Include="include\hpdf_error.h">
      <Filter>Header Files</Filter>
    </ClInclude>
    <ClInclude Include="include\hpdf_exdata.h">
      <Filter>Header Files</Filter>
    </ClInclude>
    <ClInclude Include="include\hpdf_ext_gstate.h">
      <Filter>Header Files</Filter>
    </ClInclude>
    <ClInclude Include="include\hpdf_font.h">
      <Filter>Header Files</Filter>
    </ClInclude>
    <ClInclude Include="include\hpdf_fontdef.h">
      <Filter>Header Files</Filter>
    </ClInclude>
    <ClInclude Include="include\hpdf_gstate.h">
      <Filter>Header Files</Filter>
    </ClInclude>
    <ClInclude Include="include\hpdf_image.h">
      <Filter>Header Files</Filter>
    </ClInclude>
    <ClInclude Include="include\hpdf_info.h">
      <Filter>Header Files</Filter>
    </ClInclude>
    <ClInclude Include="include\hpdf_list.h">
      <Filter>Header Files</Filter>
    </ClInclude>
    <ClInclude Include="include\hpdf_mmgr.h">
      <Filter>Header Files</Filter>
    </ClInclude>
    <ClInclude Include="include\hpdf_namedict.h">
      <Filter>Header Files</Filter>
    </ClInclude>
    <ClInclude Include="include\hpdf_objects.h">
      <Filter>Header Files</Filter>
    </ClInclude>
    <ClInclude Include="include\hpdf_outline.h">
      <Filter>Header Files</Filter>
    </ClInclude>
    <ClInclude Include="include\hpdf_page_label.h">
      <Filter>Header Files</Filter>
    </ClInclude>
    <ClInclude Include="include\hpdf_pages.h">
      <Filter>Header Files</Filter>
    </ClInclude>
    <ClInclude Include="include\hpdf_pdfa.h">
      <Filter>Header Files</Filter>
    </ClInclude>
    <ClInclude Include="include\hpdf_streams.h">
      <Filter>Header Files</Filter>
    </ClInclude>
    <ClInclude Include="include\hpdf_types.h">
      <Filter>Header Files</Filter>
    </ClInclude>
    <ClInclude Include="include\hpdf_u3d.h">
      <Filter>Header Files</Filter>
    </ClInclude>
    <ClInclude Include="include\hpdf_utils.h">
      <Filter>Header Files</Filter>
    </ClInclude>
    <ClInclude Include="include\hpdf_version.h">
      <Filter>Header Files</Filter>
    </ClInclude>
  </ItemGroup>
</Project>